// !$*UTF8*$!
{
	archiveVersion = 1;
	classes = {
	};
	objectVersion = 50;
	objects = {

/* Begin PBXBuildFile section */
		531C5C26234E223900AA1761 /* RTMP+AMF0+Dictionary.swift in Sources */ = {isa = PBXBuildFile; fileRef = 531C5C25234E223900AA1761 /* RTMP+AMF0+Dictionary.swift */; };
		531C5C28234E23F800AA1761 /* RTMP+AMF0+Int.swift in Sources */ = {isa = PBXBuildFile; fileRef = 531C5C27234E23F800AA1761 /* RTMP+AMF0+Int.swift */; };
		531C5C2A234E24E600AA1761 /* RTMP+AMF0+Bool.swift in Sources */ = {isa = PBXBuildFile; fileRef = 531C5C29234E24E600AA1761 /* RTMP+AMF0+Bool.swift */; };
		531C5C2C234E268800AA1761 /* AMF3Object.swift in Sources */ = {isa = PBXBuildFile; fileRef = 531C5C2B234E268800AA1761 /* AMF3Object.swift */; };
		531C5C2E234E2A5500AA1761 /* RTMP+AMF3Protocol.swift in Sources */ = {isa = PBXBuildFile; fileRef = 531C5C2D234E2A5500AA1761 /* RTMP+AMF3Protocol.swift */; };
		531C5C30234E2C1B00AA1761 /* RTMP+AMF3+Bool.swift in Sources */ = {isa = PBXBuildFile; fileRef = 531C5C2F234E2C1B00AA1761 /* RTMP+AMF3+Bool.swift */; };
		531C5C32234E2C5B00AA1761 /* RTMP+AMF3+Array.swift in Sources */ = {isa = PBXBuildFile; fileRef = 531C5C31234E2C5B00AA1761 /* RTMP+AMF3+Array.swift */; };
		531C5C34234E4BFD00AA1761 /* RTMP+AMF3+Int.swift in Sources */ = {isa = PBXBuildFile; fileRef = 531C5C33234E4BFD00AA1761 /* RTMP+AMF3+Int.swift */; };
		531C5C36234E505F00AA1761 /* RTMP+AMF3+Dictionary.swift in Sources */ = {isa = PBXBuildFile; fileRef = 531C5C35234E505F00AA1761 /* RTMP+AMF3+Dictionary.swift */; };
		531C5C38234E517000AA1761 /* RTMP+AMF3+String.swift in Sources */ = {isa = PBXBuildFile; fileRef = 531C5C37234E517000AA1761 /* RTMP+AMF3+String.swift */; };
		531C5C3B234E533900AA1761 /* AMF3ReferenceTable.swift in Sources */ = {isa = PBXBuildFile; fileRef = 531C5C3A234E533900AA1761 /* AMF3ReferenceTable.swift */; };
		531C5C3D234E5A2400AA1761 /* RTMP+AMF3+Decode.swift in Sources */ = {isa = PBXBuildFile; fileRef = 531C5C3C234E5A2400AA1761 /* RTMP+AMF3+Decode.swift */; };
		531C5C3F234E5A5000AA1761 /* RTMP+AMF3+Date.swift in Sources */ = {isa = PBXBuildFile; fileRef = 531C5C3E234E5A5000AA1761 /* RTMP+AMF3+Date.swift */; };
		531C5C41234E5A6A00AA1761 /* RTMP+AMF3+Data.swift in Sources */ = {isa = PBXBuildFile; fileRef = 531C5C40234E5A6A00AA1761 /* RTMP+AMF3+Data.swift */; };
		531C5C43234E5A9100AA1761 /* RTMP+AMF3+UInt.swift in Sources */ = {isa = PBXBuildFile; fileRef = 531C5C42234E5A9100AA1761 /* RTMP+AMF3+UInt.swift */; };
		531C5C45234E5AAF00AA1761 /* RTMP+AMF3+Double.swift in Sources */ = {isa = PBXBuildFile; fileRef = 531C5C44234E5AAF00AA1761 /* RTMP+AMF3+Double.swift */; };
		533ADAB0234F5E3700D0940D /* AACDecoder.swift in Sources */ = {isa = PBXBuildFile; fileRef = 533ADAAF234F5E3700D0940D /* AACDecoder.swift */; };
		533ADAB2234F5EA500D0940D /* AudioBuffer.swift in Sources */ = {isa = PBXBuildFile; fileRef = 533ADAB1234F5EA500D0940D /* AudioBuffer.swift */; };
		533ADAB4234F5EC300D0940D /* AudioEncoder.swift in Sources */ = {isa = PBXBuildFile; fileRef = 533ADAB3234F5EC300D0940D /* AudioEncoder.swift */; };
		533ADAB6234F5EF800D0940D /* AudioSpecificConfig.swift in Sources */ = {isa = PBXBuildFile; fileRef = 533ADAB5234F5EF800D0940D /* AudioSpecificConfig.swift */; };
		533ADAB9234F600400D0940D /* H264Encoder.swift in Sources */ = {isa = PBXBuildFile; fileRef = 533ADAB8234F600400D0940D /* H264Encoder.swift */; };
		533ADABB234F603B00D0940D /* VideoBuffer.swift in Sources */ = {isa = PBXBuildFile; fileRef = 533ADABA234F603B00D0940D /* VideoBuffer.swift */; };
		533ADABD234F619800D0940D /* RTMPChunkDefine.swift in Sources */ = {isa = PBXBuildFile; fileRef = 533ADABC234F619800D0940D /* RTMPChunkDefine.swift */; };
		533ADABF234F620B00D0940D /* ByteReader.swift in Sources */ = {isa = PBXBuildFile; fileRef = 533ADABE234F620B00D0940D /* ByteReader.swift */; };
		533ADAC2234F625600D0940D /* MessageHeaderType0.swift in Sources */ = {isa = PBXBuildFile; fileRef = 533ADAC1234F625600D0940D /* MessageHeaderType0.swift */; };
		533ADAC4234F627E00D0940D /* MessageHeaderType1.swift in Sources */ = {isa = PBXBuildFile; fileRef = 533ADAC3234F627E00D0940D /* MessageHeaderType1.swift */; };
		533ADAC6234F629700D0940D /* MessageHeaderType2.swift in Sources */ = {isa = PBXBuildFile; fileRef = 533ADAC5234F629700D0940D /* MessageHeaderType2.swift */; };
		533ADAC9234F62AE00D0940D /* MessageHeaderType3.swift in Sources */ = {isa = PBXBuildFile; fileRef = 533ADAC8234F62AE00D0940D /* MessageHeaderType3.swift */; };
		533ADACB234F635700D0940D /* RTMPChunkHeader.swift in Sources */ = {isa = PBXBuildFile; fileRef = 533ADACA234F635700D0940D /* RTMPChunkHeader.swift */; };
		533ADACD234F636D00D0940D /* ChunkEncoder.swift in Sources */ = {isa = PBXBuildFile; fileRef = 533ADACC234F636D00D0940D /* ChunkEncoder.swift */; };
		533ADACF234F639200D0940D /* BitData.swift in Sources */ = {isa = PBXBuildFile; fileRef = 533ADACE234F639200D0940D /* BitData.swift */; };
		533ADAD1234F64B100D0940D /* DataDecoder.swift in Sources */ = {isa = PBXBuildFile; fileRef = 533ADAD0234F64B100D0940D /* DataDecoder.swift */; };
		533ADAD3234F6AAA00D0940D /* H264Decoder.swift in Sources */ = {isa = PBXBuildFile; fileRef = 533ADAD2234F6AAA00D0940D /* H264Decoder.swift */; };
		533ADAD5234F74D800D0940D /* ChunkDecoder.swift in Sources */ = {isa = PBXBuildFile; fileRef = 533ADAD4234F74D800D0940D /* ChunkDecoder.swift */; };
		537F4926234EB8700012AE80 /* RTMP+Array+SafeElement.swift in Sources */ = {isa = PBXBuildFile; fileRef = 537F4925234EB8700012AE80 /* RTMP+Array+SafeElement.swift */; };
		537F4928234EB8930012AE80 /* RTMP+Array+Chunk.swift in Sources */ = {isa = PBXBuildFile; fileRef = 537F4927234EB8930012AE80 /* RTMP+Array+Chunk.swift */; };
		537F492B234EBA2E0012AE80 /* UIDeviceOrientation.swift in Sources */ = {isa = PBXBuildFile; fileRef = 537F492A234EBA2E0012AE80 /* UIDeviceOrientation.swift */; };
		537F492F234EBA9D0012AE80 /* RTMP+CMAudioFormatDescription+Parameter.swift in Sources */ = {isa = PBXBuildFile; fileRef = 537F492E234EBA9D0012AE80 /* RTMP+CMAudioFormatDescription+Parameter.swift */; };
		537F4932234EBB850012AE80 /* TimeInterval+Convert.swift in Sources */ = {isa = PBXBuildFile; fileRef = 537F4931234EBB850012AE80 /* TimeInterval+Convert.swift */; };
		537F4936234EBBD00012AE80 /* RTMP+Dictionary+DecodeObject.swift in Sources */ = {isa = PBXBuildFile; fileRef = 537F4935234EBBD00012AE80 /* RTMP+Dictionary+DecodeObject.swift */; };
		537F4939234EBC9A0012AE80 /* RTMP+CVImageBuffer+Convert.swift in Sources */ = {isa = PBXBuildFile; fileRef = 537F4938234EBC9A0012AE80 /* RTMP+CVImageBuffer+Convert.swift */; };
		537F493C234EBCC20012AE80 /* RTMP+Range+Shift.swift in Sources */ = {isa = PBXBuildFile; fileRef = 537F493B234EBCC20012AE80 /* RTMP+Range+Shift.swift */; };
		537F493F234EBCEC0012AE80 /* RTMP+CMSampleBuffer+Parameter.swift in Sources */ = {isa = PBXBuildFile; fileRef = 537F493E234EBCEC0012AE80 /* RTMP+CMSampleBuffer+Parameter.swift */; };
		537F4942234EBDEB0012AE80 /* RTMP+CMBlockBuffer+Data.swift in Sources */ = {isa = PBXBuildFile; fileRef = 537F4941234EBDEB0012AE80 /* RTMP+CMBlockBuffer+Data.swift */; };
		537F4945234EBE5E0012AE80 /* RTMP+AudioStreamBasicDescription+PacketData.swift in Sources */ = {isa = PBXBuildFile; fileRef = 537F4944234EBE5E0012AE80 /* RTMP+AudioStreamBasicDescription+PacketData.swift */; };
		53B77182234F0090005E7121 /* RTMPSocket.swift in Sources */ = {isa = PBXBuildFile; fileRef = 53B77181234F0090005E7121 /* RTMPSocket.swift */; };
		53B77184234F0254005E7121 /* RTMPNetBaseSocket.swift in Sources */ = {isa = PBXBuildFile; fileRef = 53B77183234F0254005E7121 /* RTMPNetBaseSocket.swift */; };
		53B77186234F0281005E7121 /* RTMPConnectionInfo.swift in Sources */ = {isa = PBXBuildFile; fileRef = 53B77185234F0281005E7121 /* RTMPConnectionInfo.swift */; };
		53B77188234F0567005E7121 /* RTMPPublishSession.swift in Sources */ = {isa = PBXBuildFile; fileRef = 53B77187234F0567005E7121 /* RTMPPublishSession.swift */; };
		53B7718A234F059B005E7121 /* RTMPHandShake.swift in Sources */ = {isa = PBXBuildFile; fileRef = 53B77189234F059B005E7121 /* RTMPHandShake.swift */; };
		53B7718C234F08D8005E7121 /* RTMPMessageDefine.swift in Sources */ = {isa = PBXBuildFile; fileRef = 53B7718B234F08D8005E7121 /* RTMPMessageDefine.swift */; };
		53B7718E234F0909005E7121 /* BaseMessage.swift in Sources */ = {isa = PBXBuildFile; fileRef = 53B7718D234F0909005E7121 /* BaseMessage.swift */; };
		53B77190234F0958005E7121 /* CommandMessage.swift in Sources */ = {isa = PBXBuildFile; fileRef = 53B7718F234F0958005E7121 /* CommandMessage.swift */; };
		53B77192234F098D005E7121 /* DataMessage.swift in Sources */ = {isa = PBXBuildFile; fileRef = 53B77191234F098C005E7121 /* DataMessage.swift */; };
		53B77194234F09D7005E7121 /* UserControlMessage.swift in Sources */ = {isa = PBXBuildFile; fileRef = 53B77193234F09D7005E7121 /* UserControlMessage.swift */; };
		53B77196234F0A06005E7121 /* ShareObjectMessage.swift in Sources */ = {isa = PBXBuildFile; fileRef = 53B77195234F0A06005E7121 /* ShareObjectMessage.swift */; };
		53B77198234F0A9F005E7121 /* ControlMessage.swift in Sources */ = {isa = PBXBuildFile; fileRef = 53B77197234F0A9F005E7121 /* ControlMessage.swift */; };
		53B7719A234F0CBD005E7121 /* RTMPResponseDefine.swift in Sources */ = {isa = PBXBuildFile; fileRef = 53B77199234F0CBD005E7121 /* RTMPResponseDefine.swift */; };
		53B7719C234F0CFB005E7121 /* RTMPResponse.swift in Sources */ = {isa = PBXBuildFile; fileRef = 53B7719B234F0CFB005E7121 /* RTMPResponse.swift */; };
		53B7719E234F0DF8005E7121 /* DataResponse.swift in Sources */ = {isa = PBXBuildFile; fileRef = 53B7719D234F0DF8005E7121 /* DataResponse.swift */; };
		53B771A0234F0E23005E7121 /* StatusResponse.swift in Sources */ = {isa = PBXBuildFile; fileRef = 53B7719F234F0E23005E7121 /* StatusResponse.swift */; };
		53B771A2234F0E4F005E7121 /* MetadataResponse.swift in Sources */ = {isa = PBXBuildFile; fileRef = 53B771A1234F0E4F005E7121 /* MetadataResponse.swift */; };
		53B771A4234F10F5005E7121 /* AudioQueueCollection.swift in Sources */ = {isa = PBXBuildFile; fileRef = 53B771A3234F10F5005E7121 /* AudioQueueCollection.swift */; };
		810B68962347249B0038C779 /* StartViewController.swift in Sources */ = {isa = PBXBuildFile; fileRef = 810B68952347249B0038C779 /* StartViewController.swift */; };
		8114B44D2345B49E0001D527 /* FilterVideo.swift in Sources */ = {isa = PBXBuildFile; fileRef = 8114B44C2345B49E0001D527 /* FilterVideo.swift */; };
		8114B44F2345B5D10001D527 /* FrameFilter.swift in Sources */ = {isa = PBXBuildFile; fileRef = 8114B44E2345B5D10001D527 /* FrameFilter.swift */; };
		8114B4522345D1500001D527 /* Purple.swift in Sources */ = {isa = PBXBuildFile; fileRef = 8114B4512345D1500001D527 /* Purple.swift */; };
		8114B4542345D2020001D527 /* Luminance.swift in Sources */ = {isa = PBXBuildFile; fileRef = 8114B4532345D2020001D527 /* Luminance.swift */; };
		8114B4562345D2170001D527 /* LowContract.swift in Sources */ = {isa = PBXBuildFile; fileRef = 8114B4552345D2170001D527 /* LowContract.swift */; };
		8114B4582345D2370001D527 /* ColorInversion.swift in Sources */ = {isa = PBXBuildFile; fileRef = 8114B4572345D2370001D527 /* ColorInversion.swift */; };
		8114B45A2345D3A60001D527 /* Lookup.swift in Sources */ = {isa = PBXBuildFile; fileRef = 8114B4592345D3A60001D527 /* Lookup.swift */; };
		8114B45C2345D3C90001D527 /* Purple.metal in Sources */ = {isa = PBXBuildFile; fileRef = 8114B45B2345D3C90001D527 /* Purple.metal */; };
		8114B45E2345D3D50001D527 /* Luminance.metal in Sources */ = {isa = PBXBuildFile; fileRef = 8114B45D2345D3D50001D527 /* Luminance.metal */; };
		8114B4602345D3DE0001D527 /* LowContract.metal in Sources */ = {isa = PBXBuildFile; fileRef = 8114B45F2345D3DE0001D527 /* LowContract.metal */; };
		8114B4622345D3F00001D527 /* ColorInversion.metal in Sources */ = {isa = PBXBuildFile; fileRef = 8114B4612345D3F00001D527 /* ColorInversion.metal */; };
		8114B4642345D3FA0001D527 /* Lookup.metal in Sources */ = {isa = PBXBuildFile; fileRef = 8114B4632345D3FA0001D527 /* Lookup.metal */; };
		8114B4662345D43C0001D527 /* PassThrough.metal in Sources */ = {isa = PBXBuildFile; fileRef = 8114B4652345D43C0001D527 /* PassThrough.metal */; };
		8114B4682345D9E30001D527 /* CanvasMetalView.swift in Sources */ = {isa = PBXBuildFile; fileRef = 8114B4672345D9E30001D527 /* CanvasMetalView.swift */; };
		817119B4233C70A400595A7B /* AppDelegate.swift in Sources */ = {isa = PBXBuildFile; fileRef = 817119B3233C70A400595A7B /* AppDelegate.swift */; };
		817119B6233C70A400595A7B /* SceneDelegate.swift in Sources */ = {isa = PBXBuildFile; fileRef = 817119B5233C70A400595A7B /* SceneDelegate.swift */; };
		817119B8233C70A400595A7B /* ViewController.swift in Sources */ = {isa = PBXBuildFile; fileRef = 817119B7233C70A400595A7B /* ViewController.swift */; };
		817119BB233C70A400595A7B /* Main.storyboard in Resources */ = {isa = PBXBuildFile; fileRef = 817119B9233C70A400595A7B /* Main.storyboard */; };
		817119BD233C70A600595A7B /* Assets.xcassets in Resources */ = {isa = PBXBuildFile; fileRef = 817119BC233C70A600595A7B /* Assets.xcassets */; };
		817119C0233C70A600595A7B /* LaunchScreen.storyboard in Resources */ = {isa = PBXBuildFile; fileRef = 817119BE233C70A600595A7B /* LaunchScreen.storyboard */; };
		817119CB233C70A700595A7B /* LiveStreamTests.swift in Sources */ = {isa = PBXBuildFile; fileRef = 817119CA233C70A700595A7B /* LiveStreamTests.swift */; };
		817119D6233C70A700595A7B /* LiveStreamUITests.swift in Sources */ = {isa = PBXBuildFile; fileRef = 817119D5233C70A700595A7B /* LiveStreamUITests.swift */; };
		817119E5233C712400595A7B /* AVCaptureModule.swift in Sources */ = {isa = PBXBuildFile; fileRef = 817119E4233C712400595A7B /* AVCaptureModule.swift */; };
		81E336E3233E1EF500137FB1 /* CameraCapture.swift in Sources */ = {isa = PBXBuildFile; fileRef = 81BE53D8233DEDCF00C761F7 /* CameraCapture.swift */; };
		81E336E4233E1EF800137FB1 /* MicrophoneCapture.swift in Sources */ = {isa = PBXBuildFile; fileRef = 81E336E1233E1E2C00137FB1 /* MicrophoneCapture.swift */; };
		C202B87F234C9ECF00E5213C /* RTMPDefine.swift in Sources */ = {isa = PBXBuildFile; fileRef = C202B87E234C9ECF00E5213C /* RTMPDefine.swift */; };
		C202B881234CA72500E5213C /* RTMPPublish.swift in Sources */ = {isa = PBXBuildFile; fileRef = C202B880234CA72500E5213C /* RTMPPublish.swift */; };
		C2650D26234D7AB10092210F /* AMF0Object.swift in Sources */ = {isa = PBXBuildFile; fileRef = C2650D25234D7AB10092210F /* AMF0Object.swift */; };
		C2650D28234D7B540092210F /* AMFProtocol.swift in Sources */ = {isa = PBXBuildFile; fileRef = C2650D27234D7B540092210F /* AMFProtocol.swift */; };
		C2650D2B234D80980092210F /* RTMP+Data+Byte.swift in Sources */ = {isa = PBXBuildFile; fileRef = C2650D2A234D80980092210F /* RTMP+Data+Byte.swift */; };
		C2650D2D234D83770092210F /* RTMP+Data+Range.swift in Sources */ = {isa = PBXBuildFile; fileRef = C2650D2C234D83770092210F /* RTMP+Data+Range.swift */; };
		C2650D2F234D84C00092210F /* RTMP+Data+Append.swift in Sources */ = {isa = PBXBuildFile; fileRef = C2650D2E234D84C00092210F /* RTMP+Data+Append.swift */; };
		C2650D32234D8A6F0092210F /* RTMP+ExpressibleByIntegerLiteral+Convert.swift in Sources */ = {isa = PBXBuildFile; fileRef = C2650D31234D8A6F0092210F /* RTMP+ExpressibleByIntegerLiteral+Convert.swift */; };
		C2650D34234D8EDE0092210F /* RTMP+AMF0+UInt.swift in Sources */ = {isa = PBXBuildFile; fileRef = C2650D33234D8EDE0092210F /* RTMP+AMF0+UInt.swift */; };
		C2650D36234D8F920092210F /* RTMP+AMF0Protocol.swift in Sources */ = {isa = PBXBuildFile; fileRef = C2650D35234D8F920092210F /* RTMP+AMF0Protocol.swift */; };
		C2650D38234D90C50092210F /* RTMP+AMF0+Double.swift in Sources */ = {isa = PBXBuildFile; fileRef = C2650D37234D90C50092210F /* RTMP+AMF0+Double.swift */; };
		C2650D3A234D919C0092210F /* RTMP+AMF0+Date.swift in Sources */ = {isa = PBXBuildFile; fileRef = C2650D39234D919C0092210F /* RTMP+AMF0+Date.swift */; };
		C2650D3C234D92640092210F /* RTMP+AMF0+String.swift in Sources */ = {isa = PBXBuildFile; fileRef = C2650D3B234D92640092210F /* RTMP+AMF0+String.swift */; };
		C2650D3F234D93C00092210F /* RTMP+AMF0+Array.swift in Sources */ = {isa = PBXBuildFile; fileRef = C2650D3E234D93C00092210F /* RTMP+AMF0+Array.swift */; };
		C2650D41234D95140092210F /* RTMP+AMF0+Decode.swift in Sources */ = {isa = PBXBuildFile; fileRef = C2650D40234D95140092210F /* RTMP+AMF0+Decode.swift */; };
		DDF9FEFD234B377100657A40 /* LiveStreamMediaRecorder.swift in Sources */ = {isa = PBXBuildFile; fileRef = DDF9FEFC234B377100657A40 /* LiveStreamMediaRecorder.swift */; };
		DDFB4D462345F82400A91607 /* MediaFileWriter.swift in Sources */ = {isa = PBXBuildFile; fileRef = DDFB4D452345F82400A91607 /* MediaFileWriter.swift */; };
		DDFB4D482345F84000A91607 /* MediaFileWriterStore.swift in Sources */ = {isa = PBXBuildFile; fileRef = DDFB4D472345F84000A91607 /* MediaFileWriterStore.swift */; };
		DDFB4D4A2345FC6B00A91607 /* MediaRecorder.swift in Sources */ = {isa = PBXBuildFile; fileRef = DDFB4D492345FC6B00A91607 /* MediaRecorder.swift */; };
/* End PBXBuildFile section */

/* Begin PBXContainerItemProxy section */
		817119C7233C70A700595A7B /* PBXContainerItemProxy */ = {
			isa = PBXContainerItemProxy;
			containerPortal = 817119A8233C70A400595A7B /* Project object */;
			proxyType = 1;
			remoteGlobalIDString = 817119AF233C70A400595A7B;
			remoteInfo = LiveStream;
		};
		817119D2233C70A700595A7B /* PBXContainerItemProxy */ = {
			isa = PBXContainerItemProxy;
			containerPortal = 817119A8233C70A400595A7B /* Project object */;
			proxyType = 1;
			remoteGlobalIDString = 817119AF233C70A400595A7B;
			remoteInfo = LiveStream;
		};
/* End PBXContainerItemProxy section */

/* Begin PBXFileReference section */
		531C5C25234E223900AA1761 /* RTMP+AMF0+Dictionary.swift */ = {isa = PBXFileReference; lastKnownFileType = sourcecode.swift; path = "RTMP+AMF0+Dictionary.swift"; sourceTree = "<group>"; };
		531C5C27234E23F800AA1761 /* RTMP+AMF0+Int.swift */ = {isa = PBXFileReference; lastKnownFileType = sourcecode.swift; path = "RTMP+AMF0+Int.swift"; sourceTree = "<group>"; };
		531C5C29234E24E600AA1761 /* RTMP+AMF0+Bool.swift */ = {isa = PBXFileReference; lastKnownFileType = sourcecode.swift; path = "RTMP+AMF0+Bool.swift"; sourceTree = "<group>"; };
		531C5C2B234E268800AA1761 /* AMF3Object.swift */ = {isa = PBXFileReference; lastKnownFileType = sourcecode.swift; name = AMF3Object.swift; path = LiveStream/RTMP/AMF/AMF0/AMF3Object.swift; sourceTree = SOURCE_ROOT; };
		531C5C2D234E2A5500AA1761 /* RTMP+AMF3Protocol.swift */ = {isa = PBXFileReference; lastKnownFileType = sourcecode.swift; name = "RTMP+AMF3Protocol.swift"; path = "LiveStream/RTMP/AMF/AMF0/RTMP+AMF3Protocol.swift"; sourceTree = SOURCE_ROOT; };
		531C5C2F234E2C1B00AA1761 /* RTMP+AMF3+Bool.swift */ = {isa = PBXFileReference; lastKnownFileType = sourcecode.swift; name = "RTMP+AMF3+Bool.swift"; path = "LiveStream/RTMP/AMF/AMF0/RTMP+AMF3+Bool.swift"; sourceTree = SOURCE_ROOT; };
		531C5C31234E2C5B00AA1761 /* RTMP+AMF3+Array.swift */ = {isa = PBXFileReference; lastKnownFileType = sourcecode.swift; name = "RTMP+AMF3+Array.swift"; path = "LiveStream/RTMP/AMF/AMF0/RTMP+AMF3+Array.swift"; sourceTree = SOURCE_ROOT; };
		531C5C33234E4BFD00AA1761 /* RTMP+AMF3+Int.swift */ = {isa = PBXFileReference; lastKnownFileType = sourcecode.swift; name = "RTMP+AMF3+Int.swift"; path = "LiveStream/RTMP/AMF/AMF0/RTMP+AMF3+Int.swift"; sourceTree = SOURCE_ROOT; };
		531C5C35234E505F00AA1761 /* RTMP+AMF3+Dictionary.swift */ = {isa = PBXFileReference; lastKnownFileType = sourcecode.swift; name = "RTMP+AMF3+Dictionary.swift"; path = "LiveStream/RTMP/AMF/AMF0/RTMP+AMF3+Dictionary.swift"; sourceTree = SOURCE_ROOT; };
		531C5C37234E517000AA1761 /* RTMP+AMF3+String.swift */ = {isa = PBXFileReference; lastKnownFileType = sourcecode.swift; name = "RTMP+AMF3+String.swift"; path = "LiveStream/RTMP/AMF/AMF0/RTMP+AMF3+String.swift"; sourceTree = SOURCE_ROOT; };
		531C5C3A234E533900AA1761 /* AMF3ReferenceTable.swift */ = {isa = PBXFileReference; lastKnownFileType = sourcecode.swift; path = AMF3ReferenceTable.swift; sourceTree = "<group>"; };
		531C5C3C234E5A2400AA1761 /* RTMP+AMF3+Decode.swift */ = {isa = PBXFileReference; lastKnownFileType = sourcecode.swift; path = "RTMP+AMF3+Decode.swift"; sourceTree = "<group>"; };
		531C5C3E234E5A5000AA1761 /* RTMP+AMF3+Date.swift */ = {isa = PBXFileReference; lastKnownFileType = sourcecode.swift; path = "RTMP+AMF3+Date.swift"; sourceTree = "<group>"; };
		531C5C40234E5A6A00AA1761 /* RTMP+AMF3+Data.swift */ = {isa = PBXFileReference; lastKnownFileType = sourcecode.swift; path = "RTMP+AMF3+Data.swift"; sourceTree = "<group>"; };
		531C5C42234E5A9100AA1761 /* RTMP+AMF3+UInt.swift */ = {isa = PBXFileReference; lastKnownFileType = sourcecode.swift; path = "RTMP+AMF3+UInt.swift"; sourceTree = "<group>"; };
		531C5C44234E5AAF00AA1761 /* RTMP+AMF3+Double.swift */ = {isa = PBXFileReference; lastKnownFileType = sourcecode.swift; path = "RTMP+AMF3+Double.swift"; sourceTree = "<group>"; };
		533ADAAF234F5E3700D0940D /* AACDecoder.swift */ = {isa = PBXFileReference; lastKnownFileType = sourcecode.swift; name = AACDecoder.swift; path = LiveStream/RTMP/Extension/AudioStreamBasicDescription/AACDecoder.swift; sourceTree = SOURCE_ROOT; };
		533ADAB1234F5EA500D0940D /* AudioBuffer.swift */ = {isa = PBXFileReference; lastKnownFileType = sourcecode.swift; name = AudioBuffer.swift; path = LiveStream/RTMP/Extension/AudioStreamBasicDescription/AudioBuffer.swift; sourceTree = SOURCE_ROOT; };
		533ADAB3234F5EC300D0940D /* AudioEncoder.swift */ = {isa = PBXFileReference; lastKnownFileType = sourcecode.swift; name = AudioEncoder.swift; path = LiveStream/RTMP/Extension/AudioStreamBasicDescription/AudioEncoder.swift; sourceTree = SOURCE_ROOT; };
		533ADAB5234F5EF800D0940D /* AudioSpecificConfig.swift */ = {isa = PBXFileReference; lastKnownFileType = sourcecode.swift; name = AudioSpecificConfig.swift; path = LiveStream/RTMP/Extension/AudioStreamBasicDescription/AudioSpecificConfig.swift; sourceTree = SOURCE_ROOT; };
		533ADAB8234F600400D0940D /* H264Encoder.swift */ = {isa = PBXFileReference; lastKnownFileType = sourcecode.swift; path = H264Encoder.swift; sourceTree = "<group>"; };
		533ADABA234F603B00D0940D /* VideoBuffer.swift */ = {isa = PBXFileReference; lastKnownFileType = sourcecode.swift; path = VideoBuffer.swift; sourceTree = "<group>"; };
		533ADABC234F619800D0940D /* RTMPChunkDefine.swift */ = {isa = PBXFileReference; lastKnownFileType = sourcecode.swift; name = RTMPChunkDefine.swift; path = LiveStream/RTMP/VideoCodec/RTMPChunkDefine.swift; sourceTree = SOURCE_ROOT; };
		533ADABE234F620B00D0940D /* ByteReader.swift */ = {isa = PBXFileReference; lastKnownFileType = sourcecode.swift; name = ByteReader.swift; path = LiveStream/RTMP/VideoCodec/ByteReader.swift; sourceTree = SOURCE_ROOT; };
		533ADAC1234F625600D0940D /* MessageHeaderType0.swift */ = {isa = PBXFileReference; lastKnownFileType = sourcecode.swift; path = MessageHeaderType0.swift; sourceTree = "<group>"; };
		533ADAC3234F627E00D0940D /* MessageHeaderType1.swift */ = {isa = PBXFileReference; lastKnownFileType = sourcecode.swift; path = MessageHeaderType1.swift; sourceTree = "<group>"; };
		533ADAC5234F629700D0940D /* MessageHeaderType2.swift */ = {isa = PBXFileReference; lastKnownFileType = sourcecode.swift; path = MessageHeaderType2.swift; sourceTree = "<group>"; };
		533ADAC8234F62AE00D0940D /* MessageHeaderType3.swift */ = {isa = PBXFileReference; lastKnownFileType = sourcecode.swift; path = MessageHeaderType3.swift; sourceTree = "<group>"; };
		533ADACA234F635700D0940D /* RTMPChunkHeader.swift */ = {isa = PBXFileReference; lastKnownFileType = sourcecode.swift; path = RTMPChunkHeader.swift; sourceTree = "<group>"; };
		533ADACC234F636D00D0940D /* ChunkEncoder.swift */ = {isa = PBXFileReference; lastKnownFileType = sourcecode.swift; path = ChunkEncoder.swift; sourceTree = "<group>"; };
		533ADACE234F639200D0940D /* BitData.swift */ = {isa = PBXFileReference; lastKnownFileType = sourcecode.swift; path = BitData.swift; sourceTree = "<group>"; };
		533ADAD0234F64B100D0940D /* DataDecoder.swift */ = {isa = PBXFileReference; lastKnownFileType = sourcecode.swift; name = DataDecoder.swift; path = LiveStream/RTMP/Chunk/DataDecoder.swift; sourceTree = SOURCE_ROOT; };
		533ADAD2234F6AAA00D0940D /* H264Decoder.swift */ = {isa = PBXFileReference; lastKnownFileType = sourcecode.swift; path = H264Decoder.swift; sourceTree = "<group>"; };
		533ADAD4234F74D800D0940D /* ChunkDecoder.swift */ = {isa = PBXFileReference; lastKnownFileType = sourcecode.swift; path = ChunkDecoder.swift; sourceTree = "<group>"; };
		537F4925234EB8700012AE80 /* RTMP+Array+SafeElement.swift */ = {isa = PBXFileReference; lastKnownFileType = sourcecode.swift; path = "RTMP+Array+SafeElement.swift"; sourceTree = "<group>"; };
		537F4927234EB8930012AE80 /* RTMP+Array+Chunk.swift */ = {isa = PBXFileReference; lastKnownFileType = sourcecode.swift; path = "RTMP+Array+Chunk.swift"; sourceTree = "<group>"; };
		537F492A234EBA2E0012AE80 /* UIDeviceOrientation.swift */ = {isa = PBXFileReference; lastKnownFileType = sourcecode.swift; path = UIDeviceOrientation.swift; sourceTree = "<group>"; };
		537F492E234EBA9D0012AE80 /* RTMP+CMAudioFormatDescription+Parameter.swift */ = {isa = PBXFileReference; lastKnownFileType = sourcecode.swift; path = "RTMP+CMAudioFormatDescription+Parameter.swift"; sourceTree = "<group>"; };
		537F4931234EBB850012AE80 /* TimeInterval+Convert.swift */ = {isa = PBXFileReference; lastKnownFileType = sourcecode.swift; path = "TimeInterval+Convert.swift"; sourceTree = "<group>"; };
		537F4935234EBBD00012AE80 /* RTMP+Dictionary+DecodeObject.swift */ = {isa = PBXFileReference; lastKnownFileType = sourcecode.swift; path = "RTMP+Dictionary+DecodeObject.swift"; sourceTree = "<group>"; };
		537F4938234EBC9A0012AE80 /* RTMP+CVImageBuffer+Convert.swift */ = {isa = PBXFileReference; lastKnownFileType = sourcecode.swift; path = "RTMP+CVImageBuffer+Convert.swift"; sourceTree = "<group>"; };
		537F493B234EBCC20012AE80 /* RTMP+Range+Shift.swift */ = {isa = PBXFileReference; lastKnownFileType = sourcecode.swift; path = "RTMP+Range+Shift.swift"; sourceTree = "<group>"; };
		537F493E234EBCEC0012AE80 /* RTMP+CMSampleBuffer+Parameter.swift */ = {isa = PBXFileReference; lastKnownFileType = sourcecode.swift; path = "RTMP+CMSampleBuffer+Parameter.swift"; sourceTree = "<group>"; };
		537F4941234EBDEB0012AE80 /* RTMP+CMBlockBuffer+Data.swift */ = {isa = PBXFileReference; lastKnownFileType = sourcecode.swift; path = "RTMP+CMBlockBuffer+Data.swift"; sourceTree = "<group>"; };
		537F4944234EBE5E0012AE80 /* RTMP+AudioStreamBasicDescription+PacketData.swift */ = {isa = PBXFileReference; lastKnownFileType = sourcecode.swift; path = "RTMP+AudioStreamBasicDescription+PacketData.swift"; sourceTree = "<group>"; };
		53B77181234F0090005E7121 /* RTMPSocket.swift */ = {isa = PBXFileReference; lastKnownFileType = sourcecode.swift; name = RTMPSocket.swift; path = LiveStream/RTMP/Extension/AudioStreamBasicDescription/RTMPSocket.swift; sourceTree = SOURCE_ROOT; };
		53B77183234F0254005E7121 /* RTMPNetBaseSocket.swift */ = {isa = PBXFileReference; lastKnownFileType = sourcecode.swift; name = RTMPNetBaseSocket.swift; path = LiveStream/RTMP/Extension/AudioStreamBasicDescription/RTMPNetBaseSocket.swift; sourceTree = SOURCE_ROOT; };
		53B77185234F0281005E7121 /* RTMPConnectionInfo.swift */ = {isa = PBXFileReference; lastKnownFileType = sourcecode.swift; name = RTMPConnectionInfo.swift; path = LiveStream/RTMP/Extension/AudioStreamBasicDescription/RTMPConnectionInfo.swift; sourceTree = SOURCE_ROOT; };
		53B77187234F0567005E7121 /* RTMPPublishSession.swift */ = {isa = PBXFileReference; lastKnownFileType = sourcecode.swift; name = RTMPPublishSession.swift; path = LiveStream/RTMP/Extension/AudioStreamBasicDescription/RTMPPublishSession.swift; sourceTree = SOURCE_ROOT; };
		53B77189234F059B005E7121 /* RTMPHandShake.swift */ = {isa = PBXFileReference; lastKnownFileType = sourcecode.swift; name = RTMPHandShake.swift; path = LiveStream/RTMP/Extension/AudioStreamBasicDescription/RTMPHandShake.swift; sourceTree = SOURCE_ROOT; };
		53B7718B234F08D8005E7121 /* RTMPMessageDefine.swift */ = {isa = PBXFileReference; lastKnownFileType = sourcecode.swift; name = RTMPMessageDefine.swift; path = LiveStream/RTMP/Extension/AudioStreamBasicDescription/RTMPMessageDefine.swift; sourceTree = SOURCE_ROOT; };
		53B7718D234F0909005E7121 /* BaseMessage.swift */ = {isa = PBXFileReference; lastKnownFileType = sourcecode.swift; name = BaseMessage.swift; path = LiveStream/RTMP/Extension/AudioStreamBasicDescription/BaseMessage.swift; sourceTree = SOURCE_ROOT; };
		53B7718F234F0958005E7121 /* CommandMessage.swift */ = {isa = PBXFileReference; lastKnownFileType = sourcecode.swift; name = CommandMessage.swift; path = LiveStream/RTMP/Extension/AudioStreamBasicDescription/CommandMessage.swift; sourceTree = SOURCE_ROOT; };
		53B77191234F098C005E7121 /* DataMessage.swift */ = {isa = PBXFileReference; lastKnownFileType = sourcecode.swift; name = DataMessage.swift; path = LiveStream/RTMP/Extension/AudioStreamBasicDescription/DataMessage.swift; sourceTree = SOURCE_ROOT; };
		53B77193234F09D7005E7121 /* UserControlMessage.swift */ = {isa = PBXFileReference; lastKnownFileType = sourcecode.swift; name = UserControlMessage.swift; path = LiveStream/RTMP/Extension/AudioStreamBasicDescription/UserControlMessage.swift; sourceTree = SOURCE_ROOT; };
		53B77195234F0A06005E7121 /* ShareObjectMessage.swift */ = {isa = PBXFileReference; lastKnownFileType = sourcecode.swift; name = ShareObjectMessage.swift; path = LiveStream/RTMP/Extension/AudioStreamBasicDescription/ShareObjectMessage.swift; sourceTree = SOURCE_ROOT; };
		53B77197234F0A9F005E7121 /* ControlMessage.swift */ = {isa = PBXFileReference; lastKnownFileType = sourcecode.swift; name = ControlMessage.swift; path = LiveStream/RTMP/Extension/AudioStreamBasicDescription/ControlMessage.swift; sourceTree = SOURCE_ROOT; };
		53B77199234F0CBD005E7121 /* RTMPResponseDefine.swift */ = {isa = PBXFileReference; lastKnownFileType = sourcecode.swift; name = RTMPResponseDefine.swift; path = LiveStream/RTMP/Extension/AudioStreamBasicDescription/RTMPResponseDefine.swift; sourceTree = SOURCE_ROOT; };
		53B7719B234F0CFB005E7121 /* RTMPResponse.swift */ = {isa = PBXFileReference; lastKnownFileType = sourcecode.swift; name = RTMPResponse.swift; path = LiveStream/RTMP/Extension/AudioStreamBasicDescription/RTMPResponse.swift; sourceTree = SOURCE_ROOT; };
		53B7719D234F0DF8005E7121 /* DataResponse.swift */ = {isa = PBXFileReference; lastKnownFileType = sourcecode.swift; name = DataResponse.swift; path = LiveStream/RTMP/Extension/AudioStreamBasicDescription/DataResponse.swift; sourceTree = SOURCE_ROOT; };
		53B7719F234F0E23005E7121 /* StatusResponse.swift */ = {isa = PBXFileReference; lastKnownFileType = sourcecode.swift; name = StatusResponse.swift; path = LiveStream/RTMP/Extension/AudioStreamBasicDescription/StatusResponse.swift; sourceTree = SOURCE_ROOT; };
		53B771A1234F0E4F005E7121 /* MetadataResponse.swift */ = {isa = PBXFileReference; lastKnownFileType = sourcecode.swift; name = MetadataResponse.swift; path = LiveStream/RTMP/Extension/AudioStreamBasicDescription/MetadataResponse.swift; sourceTree = SOURCE_ROOT; };
		53B771A3234F10F5005E7121 /* AudioQueueCollection.swift */ = {isa = PBXFileReference; lastKnownFileType = sourcecode.swift; name = AudioQueueCollection.swift; path = LiveStream/RTMP/Extension/AudioStreamBasicDescription/AudioQueueCollection.swift; sourceTree = SOURCE_ROOT; };
		810B68952347249B0038C779 /* StartViewController.swift */ = {isa = PBXFileReference; lastKnownFileType = sourcecode.swift; path = StartViewController.swift; sourceTree = "<group>"; };
		8114B44C2345B49E0001D527 /* FilterVideo.swift */ = {isa = PBXFileReference; lastKnownFileType = sourcecode.swift; path = FilterVideo.swift; sourceTree = "<group>"; };
		8114B44E2345B5D10001D527 /* FrameFilter.swift */ = {isa = PBXFileReference; lastKnownFileType = sourcecode.swift; path = FrameFilter.swift; sourceTree = "<group>"; };
		8114B4512345D1500001D527 /* Purple.swift */ = {isa = PBXFileReference; lastKnownFileType = sourcecode.swift; path = Purple.swift; sourceTree = "<group>"; };
		8114B4532345D2020001D527 /* Luminance.swift */ = {isa = PBXFileReference; lastKnownFileType = sourcecode.swift; path = Luminance.swift; sourceTree = "<group>"; };
		8114B4552345D2170001D527 /* LowContract.swift */ = {isa = PBXFileReference; lastKnownFileType = sourcecode.swift; path = LowContract.swift; sourceTree = "<group>"; };
		8114B4572345D2370001D527 /* ColorInversion.swift */ = {isa = PBXFileReference; lastKnownFileType = sourcecode.swift; path = ColorInversion.swift; sourceTree = "<group>"; };
		8114B4592345D3A60001D527 /* Lookup.swift */ = {isa = PBXFileReference; lastKnownFileType = sourcecode.swift; path = Lookup.swift; sourceTree = "<group>"; };
		8114B45B2345D3C90001D527 /* Purple.metal */ = {isa = PBXFileReference; lastKnownFileType = sourcecode.metal; path = Purple.metal; sourceTree = "<group>"; };
		8114B45D2345D3D50001D527 /* Luminance.metal */ = {isa = PBXFileReference; lastKnownFileType = sourcecode.metal; path = Luminance.metal; sourceTree = "<group>"; };
		8114B45F2345D3DE0001D527 /* LowContract.metal */ = {isa = PBXFileReference; lastKnownFileType = sourcecode.metal; path = LowContract.metal; sourceTree = "<group>"; };
		8114B4612345D3F00001D527 /* ColorInversion.metal */ = {isa = PBXFileReference; lastKnownFileType = sourcecode.metal; path = ColorInversion.metal; sourceTree = "<group>"; };
		8114B4632345D3FA0001D527 /* Lookup.metal */ = {isa = PBXFileReference; lastKnownFileType = sourcecode.metal; path = Lookup.metal; sourceTree = "<group>"; };
		8114B4652345D43C0001D527 /* PassThrough.metal */ = {isa = PBXFileReference; lastKnownFileType = sourcecode.metal; path = PassThrough.metal; sourceTree = "<group>"; };
		8114B4672345D9E30001D527 /* CanvasMetalView.swift */ = {isa = PBXFileReference; lastKnownFileType = sourcecode.swift; path = CanvasMetalView.swift; sourceTree = "<group>"; };
		817119B0233C70A400595A7B /* LiveStream.app */ = {isa = PBXFileReference; explicitFileType = wrapper.application; includeInIndex = 0; path = LiveStream.app; sourceTree = BUILT_PRODUCTS_DIR; };
		817119B3233C70A400595A7B /* AppDelegate.swift */ = {isa = PBXFileReference; lastKnownFileType = sourcecode.swift; path = AppDelegate.swift; sourceTree = "<group>"; };
		817119B5233C70A400595A7B /* SceneDelegate.swift */ = {isa = PBXFileReference; lastKnownFileType = sourcecode.swift; path = SceneDelegate.swift; sourceTree = "<group>"; };
		817119B7233C70A400595A7B /* ViewController.swift */ = {isa = PBXFileReference; lastKnownFileType = sourcecode.swift; path = ViewController.swift; sourceTree = "<group>"; };
		817119BA233C70A400595A7B /* Base */ = {isa = PBXFileReference; lastKnownFileType = file.storyboard; name = Base; path = Base.lproj/Main.storyboard; sourceTree = "<group>"; };
		817119BC233C70A600595A7B /* Assets.xcassets */ = {isa = PBXFileReference; lastKnownFileType = folder.assetcatalog; path = Assets.xcassets; sourceTree = "<group>"; };
		817119BF233C70A600595A7B /* Base */ = {isa = PBXFileReference; lastKnownFileType = file.storyboard; name = Base; path = Base.lproj/LaunchScreen.storyboard; sourceTree = "<group>"; };
		817119C1233C70A600595A7B /* Info.plist */ = {isa = PBXFileReference; lastKnownFileType = text.plist.xml; path = Info.plist; sourceTree = "<group>"; };
		817119C6233C70A700595A7B /* LiveStreamTests.xctest */ = {isa = PBXFileReference; explicitFileType = wrapper.cfbundle; includeInIndex = 0; path = LiveStreamTests.xctest; sourceTree = BUILT_PRODUCTS_DIR; };
		817119CA233C70A700595A7B /* LiveStreamTests.swift */ = {isa = PBXFileReference; lastKnownFileType = sourcecode.swift; path = LiveStreamTests.swift; sourceTree = "<group>"; };
		817119CC233C70A700595A7B /* Info.plist */ = {isa = PBXFileReference; lastKnownFileType = text.plist.xml; path = Info.plist; sourceTree = "<group>"; };
		817119D1233C70A700595A7B /* LiveStreamUITests.xctest */ = {isa = PBXFileReference; explicitFileType = wrapper.cfbundle; includeInIndex = 0; path = LiveStreamUITests.xctest; sourceTree = BUILT_PRODUCTS_DIR; };
		817119D5233C70A700595A7B /* LiveStreamUITests.swift */ = {isa = PBXFileReference; lastKnownFileType = sourcecode.swift; path = LiveStreamUITests.swift; sourceTree = "<group>"; };
		817119D7233C70A700595A7B /* Info.plist */ = {isa = PBXFileReference; lastKnownFileType = text.plist.xml; path = Info.plist; sourceTree = "<group>"; };
		817119E4233C712400595A7B /* AVCaptureModule.swift */ = {isa = PBXFileReference; lastKnownFileType = sourcecode.swift; path = AVCaptureModule.swift; sourceTree = "<group>"; };
		81BE53D8233DEDCF00C761F7 /* CameraCapture.swift */ = {isa = PBXFileReference; lastKnownFileType = sourcecode.swift; path = CameraCapture.swift; sourceTree = "<group>"; };
		81E336E1233E1E2C00137FB1 /* MicrophoneCapture.swift */ = {isa = PBXFileReference; lastKnownFileType = sourcecode.swift; path = MicrophoneCapture.swift; sourceTree = "<group>"; };
		C202B87E234C9ECF00E5213C /* RTMPDefine.swift */ = {isa = PBXFileReference; lastKnownFileType = sourcecode.swift; path = RTMPDefine.swift; sourceTree = "<group>"; };
		C202B880234CA72500E5213C /* RTMPPublish.swift */ = {isa = PBXFileReference; lastKnownFileType = sourcecode.swift; path = RTMPPublish.swift; sourceTree = "<group>"; };
		C2650D25234D7AB10092210F /* AMF0Object.swift */ = {isa = PBXFileReference; lastKnownFileType = sourcecode.swift; path = AMF0Object.swift; sourceTree = "<group>"; };
		C2650D27234D7B540092210F /* AMFProtocol.swift */ = {isa = PBXFileReference; lastKnownFileType = sourcecode.swift; path = AMFProtocol.swift; sourceTree = "<group>"; };
		C2650D2A234D80980092210F /* RTMP+Data+Byte.swift */ = {isa = PBXFileReference; lastKnownFileType = sourcecode.swift; path = "RTMP+Data+Byte.swift"; sourceTree = "<group>"; };
		C2650D2C234D83770092210F /* RTMP+Data+Range.swift */ = {isa = PBXFileReference; lastKnownFileType = sourcecode.swift; path = "RTMP+Data+Range.swift"; sourceTree = "<group>"; };
		C2650D2E234D84C00092210F /* RTMP+Data+Append.swift */ = {isa = PBXFileReference; lastKnownFileType = sourcecode.swift; path = "RTMP+Data+Append.swift"; sourceTree = "<group>"; };
		C2650D31234D8A6F0092210F /* RTMP+ExpressibleByIntegerLiteral+Convert.swift */ = {isa = PBXFileReference; lastKnownFileType = sourcecode.swift; path = "RTMP+ExpressibleByIntegerLiteral+Convert.swift"; sourceTree = "<group>"; };
		C2650D33234D8EDE0092210F /* RTMP+AMF0+UInt.swift */ = {isa = PBXFileReference; lastKnownFileType = sourcecode.swift; path = "RTMP+AMF0+UInt.swift"; sourceTree = "<group>"; };
		C2650D35234D8F920092210F /* RTMP+AMF0Protocol.swift */ = {isa = PBXFileReference; lastKnownFileType = sourcecode.swift; path = "RTMP+AMF0Protocol.swift"; sourceTree = "<group>"; };
		C2650D37234D90C50092210F /* RTMP+AMF0+Double.swift */ = {isa = PBXFileReference; lastKnownFileType = sourcecode.swift; path = "RTMP+AMF0+Double.swift"; sourceTree = "<group>"; };
		C2650D39234D919C0092210F /* RTMP+AMF0+Date.swift */ = {isa = PBXFileReference; lastKnownFileType = sourcecode.swift; path = "RTMP+AMF0+Date.swift"; sourceTree = "<group>"; };
		C2650D3B234D92640092210F /* RTMP+AMF0+String.swift */ = {isa = PBXFileReference; lastKnownFileType = sourcecode.swift; path = "RTMP+AMF0+String.swift"; sourceTree = "<group>"; };
		C2650D3E234D93C00092210F /* RTMP+AMF0+Array.swift */ = {isa = PBXFileReference; lastKnownFileType = sourcecode.swift; path = "RTMP+AMF0+Array.swift"; sourceTree = "<group>"; };
		C2650D40234D95140092210F /* RTMP+AMF0+Decode.swift */ = {isa = PBXFileReference; lastKnownFileType = sourcecode.swift; path = "RTMP+AMF0+Decode.swift"; sourceTree = "<group>"; };
		DDF9FEFC234B377100657A40 /* LiveStreamMediaRecorder.swift */ = {isa = PBXFileReference; lastKnownFileType = sourcecode.swift; path = LiveStreamMediaRecorder.swift; sourceTree = "<group>"; };
		DDFB4D452345F82400A91607 /* MediaFileWriter.swift */ = {isa = PBXFileReference; lastKnownFileType = sourcecode.swift; path = MediaFileWriter.swift; sourceTree = "<group>"; };
		DDFB4D472345F84000A91607 /* MediaFileWriterStore.swift */ = {isa = PBXFileReference; lastKnownFileType = sourcecode.swift; path = MediaFileWriterStore.swift; sourceTree = "<group>"; };
		DDFB4D492345FC6B00A91607 /* MediaRecorder.swift */ = {isa = PBXFileReference; lastKnownFileType = sourcecode.swift; path = MediaRecorder.swift; sourceTree = "<group>"; };
/* End PBXFileReference section */

/* Begin PBXFrameworksBuildPhase section */
		817119AD233C70A400595A7B /* Frameworks */ = {
			isa = PBXFrameworksBuildPhase;
			buildActionMask = 2147483647;
			files = (
			);
			runOnlyForDeploymentPostprocessing = 0;
		};
		817119C3233C70A700595A7B /* Frameworks */ = {
			isa = PBXFrameworksBuildPhase;
			buildActionMask = 2147483647;
			files = (
			);
			runOnlyForDeploymentPostprocessing = 0;
		};
		817119CE233C70A700595A7B /* Frameworks */ = {
			isa = PBXFrameworksBuildPhase;
			buildActionMask = 2147483647;
			files = (
			);
			runOnlyForDeploymentPostprocessing = 0;
		};
/* End PBXFrameworksBuildPhase section */

/* Begin PBXGroup section */
		537F4924234EB84D0012AE80 /* Array */ = {
			isa = PBXGroup;
			children = (
				537F4925234EB8700012AE80 /* RTMP+Array+SafeElement.swift */,
				537F4927234EB8930012AE80 /* RTMP+Array+Chunk.swift */,
			);
			path = Array;
			sourceTree = "<group>";
		};
		537F4929234EBA050012AE80 /* UIDeviceOrientation */ = {
			isa = PBXGroup;
			children = (
				537F492A234EBA2E0012AE80 /* UIDeviceOrientation.swift */,
			);
			path = UIDeviceOrientation;
			sourceTree = "<group>";
		};
		537F492C234EBA590012AE80 /* CMAudioFormatDescription */ = {
			isa = PBXGroup;
			children = (
				537F492E234EBA9D0012AE80 /* RTMP+CMAudioFormatDescription+Parameter.swift */,
			);
			path = CMAudioFormatDescription;
			sourceTree = "<group>";
		};
		537F4930234EBB6A0012AE80 /* TimeInterval */ = {
			isa = PBXGroup;
			children = (
				537F4931234EBB850012AE80 /* TimeInterval+Convert.swift */,
			);
			path = TimeInterval;
			sourceTree = "<group>";
		};
		537F4933234EBB9E0012AE80 /* Dictionary */ = {
			isa = PBXGroup;
			children = (
				537F4935234EBBD00012AE80 /* RTMP+Dictionary+DecodeObject.swift */,
			);
			path = Dictionary;
			sourceTree = "<group>";
		};
		537F4937234EBC780012AE80 /* CVImageBuffer */ = {
			isa = PBXGroup;
			children = (
				537F4938234EBC9A0012AE80 /* RTMP+CVImageBuffer+Convert.swift */,
			);
			path = CVImageBuffer;
			sourceTree = "<group>";
		};
		537F493A234EBCAC0012AE80 /* Bound */ = {
			isa = PBXGroup;
			children = (
				537F493B234EBCC20012AE80 /* RTMP+Range+Shift.swift */,
			);
			path = Bound;
			sourceTree = "<group>";
		};
		537F493D234EBCD10012AE80 /* CMSampleBuffer */ = {
			isa = PBXGroup;
			children = (
				537F493E234EBCEC0012AE80 /* RTMP+CMSampleBuffer+Parameter.swift */,
			);
			path = CMSampleBuffer;
			sourceTree = "<group>";
		};
		537F4940234EBDD00012AE80 /* CMBlockBuffer */ = {
			isa = PBXGroup;
			children = (
				537F4941234EBDEB0012AE80 /* RTMP+CMBlockBuffer+Data.swift */,
			);
			path = CMBlockBuffer;
			sourceTree = "<group>";
		};
		537F4943234EBE160012AE80 /* AudioStreamBasicDescription */ = {
			isa = PBXGroup;
			children = (
				537F4944234EBE5E0012AE80 /* RTMP+AudioStreamBasicDescription+PacketData.swift */,
			);
			path = AudioStreamBasicDescription;
			sourceTree = "<group>";
		};
		8114B44B2345B48B0001D527 /* Filter */ = {
			isa = PBXGroup;
			children = (
				8114B44C2345B49E0001D527 /* FilterVideo.swift */,
				8114B44E2345B5D10001D527 /* FrameFilter.swift */,
				8114B4502345B6F60001D527 /* FrameFilters */,
			);
			path = Filter;
			sourceTree = "<group>";
		};
		8114B4502345B6F60001D527 /* FrameFilters */ = {
			isa = PBXGroup;
			children = (
				8114B4512345D1500001D527 /* Purple.swift */,
				8114B45B2345D3C90001D527 /* Purple.metal */,
				8114B4532345D2020001D527 /* Luminance.swift */,
				8114B45D2345D3D50001D527 /* Luminance.metal */,
				8114B4592345D3A60001D527 /* Lookup.swift */,
				8114B4632345D3FA0001D527 /* Lookup.metal */,
				8114B4552345D2170001D527 /* LowContract.swift */,
				8114B45F2345D3DE0001D527 /* LowContract.metal */,
				8114B4572345D2370001D527 /* ColorInversion.swift */,
				8114B4612345D3F00001D527 /* ColorInversion.metal */,
				8114B4652345D43C0001D527 /* PassThrough.metal */,
			);
			path = FrameFilters;
			sourceTree = "<group>";
		};
		817119A7233C70A400595A7B = {
			isa = PBXGroup;
			children = (
				817119B2233C70A400595A7B /* LiveStream */,
				817119C9233C70A700595A7B /* LiveStreamTests */,
				817119D4233C70A700595A7B /* LiveStreamUITests */,
				817119B1233C70A400595A7B /* Products */,
			);
			sourceTree = "<group>";
		};
		817119B1233C70A400595A7B /* Products */ = {
			isa = PBXGroup;
			children = (
				817119B0233C70A400595A7B /* LiveStream.app */,
				817119C6233C70A700595A7B /* LiveStreamTests.xctest */,
				817119D1233C70A700595A7B /* LiveStreamUITests.xctest */,
			);
			name = Products;
			sourceTree = "<group>";
		};
		817119B2233C70A400595A7B /* LiveStream */ = {
			isa = PBXGroup;
			children = (
				C202B871234C9CE700E5213C /* RTMP */,
				810B68952347249B0038C779 /* StartViewController.swift */,
				817119B7233C70A400595A7B /* ViewController.swift */,
				8114B4672345D9E30001D527 /* CanvasMetalView.swift */,
				DDFB4D442345F80A00A91607 /* MediaWriter */,
				8114B44B2345B48B0001D527 /* Filter */,
				817119E3233C711300595A7B /* Capture */,
				817119B3233C70A400595A7B /* AppDelegate.swift */,
				817119B5233C70A400595A7B /* SceneDelegate.swift */,
				817119B9233C70A400595A7B /* Main.storyboard */,
				817119BC233C70A600595A7B /* Assets.xcassets */,
				817119BE233C70A600595A7B /* LaunchScreen.storyboard */,
				817119C1233C70A600595A7B /* Info.plist */,
			);
			path = LiveStream;
			sourceTree = "<group>";
		};
		817119C9233C70A700595A7B /* LiveStreamTests */ = {
			isa = PBXGroup;
			children = (
				817119CA233C70A700595A7B /* LiveStreamTests.swift */,
				817119CC233C70A700595A7B /* Info.plist */,
			);
			path = LiveStreamTests;
			sourceTree = "<group>";
		};
		817119D4233C70A700595A7B /* LiveStreamUITests */ = {
			isa = PBXGroup;
			children = (
				817119D5233C70A700595A7B /* LiveStreamUITests.swift */,
				817119D7233C70A700595A7B /* Info.plist */,
			);
			path = LiveStreamUITests;
			sourceTree = "<group>";
		};
		817119E3233C711300595A7B /* Capture */ = {
			isa = PBXGroup;
			children = (
				817119E4233C712400595A7B /* AVCaptureModule.swift */,
				81BE53D8233DEDCF00C761F7 /* CameraCapture.swift */,
				81E336E1233E1E2C00137FB1 /* MicrophoneCapture.swift */,
			);
			path = Capture;
			sourceTree = "<group>";
		};
		C202B871234C9CE700E5213C /* RTMP */ = {
			isa = PBXGroup;
			children = (
				C202B873234C9D4800E5213C /* Session */,
				C202B875234C9D5B00E5213C /* HandShake */,
				C202B876234C9D6F00E5213C /* Message */,
				C202B87A234C9DA000E5213C /* Chunk */,
				C202B877234C9D7700E5213C /* Response */,
				C202B874234C9D5400E5213C /* Socket */,
				C202B87D234C9DB400E5213C /* AMF */,
				C202B87C234C9DAF00E5213C /* Extension */,
				C202B87B234C9DA700E5213C /* Mixer */,
				C202B879234C9D9200E5213C /* VideoCodec */,
				C202B878234C9D8900E5213C /* AudioCodec */,
				C202B87E234C9ECF00E5213C /* RTMPDefine.swift */,
				C202B880234CA72500E5213C /* RTMPPublish.swift */,
			);
			path = RTMP;
			sourceTree = "<group>";
		};
		C202B873234C9D4800E5213C /* Session */ = {
			isa = PBXGroup;
			children = (
				53B77187234F0567005E7121 /* RTMPPublishSession.swift */,
			);
			path = Session;
			sourceTree = "<group>";
		};
		C202B874234C9D5400E5213C /* Socket */ = {
			isa = PBXGroup;
			children = (
				53B77181234F0090005E7121 /* RTMPSocket.swift */,
				53B77183234F0254005E7121 /* RTMPNetBaseSocket.swift */,
				53B77185234F0281005E7121 /* RTMPConnectionInfo.swift */,
			);
			path = Socket;
			sourceTree = "<group>";
		};
		C202B875234C9D5B00E5213C /* HandShake */ = {
			isa = PBXGroup;
			children = (
				53B77189234F059B005E7121 /* RTMPHandShake.swift */,
			);
			path = HandShake;
			sourceTree = "<group>";
		};
		C202B876234C9D6F00E5213C /* Message */ = {
			isa = PBXGroup;
			children = (
				53B7718B234F08D8005E7121 /* RTMPMessageDefine.swift */,
				53B7718D234F0909005E7121 /* BaseMessage.swift */,
				53B7718F234F0958005E7121 /* CommandMessage.swift */,
				53B77191234F098C005E7121 /* DataMessage.swift */,
				53B77193234F09D7005E7121 /* UserControlMessage.swift */,
				53B77195234F0A06005E7121 /* ShareObjectMessage.swift */,
				53B77197234F0A9F005E7121 /* ControlMessage.swift */,
			);
			path = Message;
			sourceTree = "<group>";
		};
		C202B877234C9D7700E5213C /* Response */ = {
			isa = PBXGroup;
			children = (
				53B77199234F0CBD005E7121 /* RTMPResponseDefine.swift */,
				53B7719B234F0CFB005E7121 /* RTMPResponse.swift */,
				53B7719D234F0DF8005E7121 /* DataResponse.swift */,
				53B7719F234F0E23005E7121 /* StatusResponse.swift */,
				53B771A1234F0E4F005E7121 /* MetadataResponse.swift */,
			);
			path = Response;
			sourceTree = "<group>";
		};
		C202B878234C9D8900E5213C /* AudioCodec */ = {
			isa = PBXGroup;
			children = (
				53B771A3234F10F5005E7121 /* AudioQueueCollection.swift */,
				533ADAAF234F5E3700D0940D /* AACDecoder.swift */,
				533ADAB1234F5EA500D0940D /* AudioBuffer.swift */,
				533ADAB3234F5EC300D0940D /* AudioEncoder.swift */,
				533ADAB5234F5EF800D0940D /* AudioSpecificConfig.swift */,
			);
			path = AudioCodec;
			sourceTree = "<group>";
		};
		C202B879234C9D9200E5213C /* VideoCodec */ = {
			isa = PBXGroup;
			children = (
				533ADAB8234F600400D0940D /* H264Encoder.swift */,
				533ADABA234F603B00D0940D /* VideoBuffer.swift */,
				533ADAD2234F6AAA00D0940D /* H264Decoder.swift */,
			);
			path = VideoCodec;
			sourceTree = "<group>";
		};
		C202B87A234C9DA000E5213C /* Chunk */ = {
			isa = PBXGroup;
			children = (
				533ADABC234F619800D0940D /* RTMPChunkDefine.swift */,
				533ADABE234F620B00D0940D /* ByteReader.swift */,
				533ADAC1234F625600D0940D /* MessageHeaderType0.swift */,
				533ADAC3234F627E00D0940D /* MessageHeaderType1.swift */,
				533ADAC5234F629700D0940D /* MessageHeaderType2.swift */,
				533ADAC8234F62AE00D0940D /* MessageHeaderType3.swift */,
				533ADACA234F635700D0940D /* RTMPChunkHeader.swift */,
				533ADACC234F636D00D0940D /* ChunkEncoder.swift */,
				533ADACE234F639200D0940D /* BitData.swift */,
				533ADAD4234F74D800D0940D /* ChunkDecoder.swift */,
			);
			path = Chunk;
			sourceTree = "<group>";
		};
		C202B87B234C9DA700E5213C /* Mixer */ = {
			isa = PBXGroup;
			children = (
				533ADAD0234F64B100D0940D /* DataDecoder.swift */,
			);
			path = Mixer;
			sourceTree = "<group>";
		};
		C202B87C234C9DAF00E5213C /* Extension */ = {
			isa = PBXGroup;
			children = (
				537F4943234EBE160012AE80 /* AudioStreamBasicDescription */,
				537F4940234EBDD00012AE80 /* CMBlockBuffer */,
				537F493D234EBCD10012AE80 /* CMSampleBuffer */,
				537F493A234EBCAC0012AE80 /* Bound */,
				537F4937234EBC780012AE80 /* CVImageBuffer */,
				537F4933234EBB9E0012AE80 /* Dictionary */,
				537F4930234EBB6A0012AE80 /* TimeInterval */,
				537F492C234EBA590012AE80 /* CMAudioFormatDescription */,
				537F4929234EBA050012AE80 /* UIDeviceOrientation */,
				537F4924234EB84D0012AE80 /* Array */,
				C2650D30234D8A2C0092210F /* ExpressibleByIntegerLiteral */,
				C2650D29234D80730092210F /* Data */,
			);
			path = Extension;
			sourceTree = "<group>";
		};
		C202B87D234C9DB400E5213C /* AMF */ = {
			isa = PBXGroup;
			children = (
				C2650D23234D7A570092210F /* AMF0 */,
				C2650D24234D7A5E0092210F /* AMF3 */,
				C2650D27234D7B540092210F /* AMFProtocol.swift */,
			);
			path = AMF;
			sourceTree = "<group>";
		};
		C2650D23234D7A570092210F /* AMF0 */ = {
			isa = PBXGroup;
			children = (
				C2650D25234D7AB10092210F /* AMF0Object.swift */,
				C2650D33234D8EDE0092210F /* RTMP+AMF0+UInt.swift */,
				C2650D35234D8F920092210F /* RTMP+AMF0Protocol.swift */,
				C2650D37234D90C50092210F /* RTMP+AMF0+Double.swift */,
				C2650D39234D919C0092210F /* RTMP+AMF0+Date.swift */,
				C2650D3B234D92640092210F /* RTMP+AMF0+String.swift */,
				C2650D3E234D93C00092210F /* RTMP+AMF0+Array.swift */,
				C2650D40234D95140092210F /* RTMP+AMF0+Decode.swift */,
				531C5C25234E223900AA1761 /* RTMP+AMF0+Dictionary.swift */,
				531C5C27234E23F800AA1761 /* RTMP+AMF0+Int.swift */,
				531C5C29234E24E600AA1761 /* RTMP+AMF0+Bool.swift */,
			);
			path = AMF0;
			sourceTree = "<group>";
		};
		C2650D24234D7A5E0092210F /* AMF3 */ = {
			isa = PBXGroup;
			children = (
				531C5C2B234E268800AA1761 /* AMF3Object.swift */,
				531C5C2D234E2A5500AA1761 /* RTMP+AMF3Protocol.swift */,
				531C5C2F234E2C1B00AA1761 /* RTMP+AMF3+Bool.swift */,
				531C5C31234E2C5B00AA1761 /* RTMP+AMF3+Array.swift */,
				531C5C33234E4BFD00AA1761 /* RTMP+AMF3+Int.swift */,
				531C5C35234E505F00AA1761 /* RTMP+AMF3+Dictionary.swift */,
				531C5C37234E517000AA1761 /* RTMP+AMF3+String.swift */,
				531C5C3A234E533900AA1761 /* AMF3ReferenceTable.swift */,
				531C5C3C234E5A2400AA1761 /* RTMP+AMF3+Decode.swift */,
				531C5C3E234E5A5000AA1761 /* RTMP+AMF3+Date.swift */,
				531C5C40234E5A6A00AA1761 /* RTMP+AMF3+Data.swift */,
				531C5C42234E5A9100AA1761 /* RTMP+AMF3+UInt.swift */,
				531C5C44234E5AAF00AA1761 /* RTMP+AMF3+Double.swift */,
			);
			path = AMF3;
			sourceTree = "<group>";
		};
		C2650D29234D80730092210F /* Data */ = {
			isa = PBXGroup;
			children = (
				C2650D2A234D80980092210F /* RTMP+Data+Byte.swift */,
				C2650D2C234D83770092210F /* RTMP+Data+Range.swift */,
				C2650D2E234D84C00092210F /* RTMP+Data+Append.swift */,
			);
			path = Data;
			sourceTree = "<group>";
		};
		C2650D30234D8A2C0092210F /* ExpressibleByIntegerLiteral */ = {
			isa = PBXGroup;
			children = (
				C2650D31234D8A6F0092210F /* RTMP+ExpressibleByIntegerLiteral+Convert.swift */,
			);
			path = ExpressibleByIntegerLiteral;
			sourceTree = "<group>";
		};
		DDFB4D442345F80A00A91607 /* MediaWriter */ = {
			isa = PBXGroup;
			children = (
				DDFB4D452345F82400A91607 /* MediaFileWriter.swift */,
				DDFB4D472345F84000A91607 /* MediaFileWriterStore.swift */,
				DDFB4D492345FC6B00A91607 /* MediaRecorder.swift */,
				DDF9FEFC234B377100657A40 /* LiveStreamMediaRecorder.swift */,
			);
			path = MediaWriter;
			sourceTree = "<group>";
		};
/* End PBXGroup section */

/* Begin PBXNativeTarget section */
		817119AF233C70A400595A7B /* LiveStream */ = {
			isa = PBXNativeTarget;
			buildConfigurationList = 817119DA233C70A700595A7B /* Build configuration list for PBXNativeTarget "LiveStream" */;
			buildPhases = (
				817119AC233C70A400595A7B /* Sources */,
				817119AD233C70A400595A7B /* Frameworks */,
				817119AE233C70A400595A7B /* Resources */,
			);
			buildRules = (
			);
			dependencies = (
			);
			name = LiveStream;
			productName = LiveStream;
			productReference = 817119B0233C70A400595A7B /* LiveStream.app */;
			productType = "com.apple.product-type.application";
		};
		817119C5233C70A700595A7B /* LiveStreamTests */ = {
			isa = PBXNativeTarget;
			buildConfigurationList = 817119DD233C70A700595A7B /* Build configuration list for PBXNativeTarget "LiveStreamTests" */;
			buildPhases = (
				817119C2233C70A700595A7B /* Sources */,
				817119C3233C70A700595A7B /* Frameworks */,
				817119C4233C70A700595A7B /* Resources */,
			);
			buildRules = (
			);
			dependencies = (
				817119C8233C70A700595A7B /* PBXTargetDependency */,
			);
			name = LiveStreamTests;
			productName = LiveStreamTests;
			productReference = 817119C6233C70A700595A7B /* LiveStreamTests.xctest */;
			productType = "com.apple.product-type.bundle.unit-test";
		};
		817119D0233C70A700595A7B /* LiveStreamUITests */ = {
			isa = PBXNativeTarget;
			buildConfigurationList = 817119E0233C70A700595A7B /* Build configuration list for PBXNativeTarget "LiveStreamUITests" */;
			buildPhases = (
				817119CD233C70A700595A7B /* Sources */,
				817119CE233C70A700595A7B /* Frameworks */,
				817119CF233C70A700595A7B /* Resources */,
			);
			buildRules = (
			);
			dependencies = (
				817119D3233C70A700595A7B /* PBXTargetDependency */,
			);
			name = LiveStreamUITests;
			productName = LiveStreamUITests;
			productReference = 817119D1233C70A700595A7B /* LiveStreamUITests.xctest */;
			productType = "com.apple.product-type.bundle.ui-testing";
		};
/* End PBXNativeTarget section */

/* Begin PBXProject section */
		817119A8233C70A400595A7B /* Project object */ = {
			isa = PBXProject;
			attributes = {
				LastSwiftUpdateCheck = 1100;
				LastUpgradeCheck = 1100;
				ORGANIZATIONNAME = ThangNVH;
				TargetAttributes = {
					817119AF233C70A400595A7B = {
						CreatedOnToolsVersion = 11.0;
					};
					817119C5233C70A700595A7B = {
						CreatedOnToolsVersion = 11.0;
						TestTargetID = 817119AF233C70A400595A7B;
					};
					817119D0233C70A700595A7B = {
						CreatedOnToolsVersion = 11.0;
						TestTargetID = 817119AF233C70A400595A7B;
					};
				};
			};
			buildConfigurationList = 817119AB233C70A400595A7B /* Build configuration list for PBXProject "LiveStream" */;
			compatibilityVersion = "Xcode 9.3";
			developmentRegion = en;
			hasScannedForEncodings = 0;
			knownRegions = (
				en,
				Base,
			);
			mainGroup = 817119A7233C70A400595A7B;
			productRefGroup = 817119B1233C70A400595A7B /* Products */;
			projectDirPath = "";
			projectRoot = "";
			targets = (
				817119AF233C70A400595A7B /* LiveStream */,
				817119C5233C70A700595A7B /* LiveStreamTests */,
				817119D0233C70A700595A7B /* LiveStreamUITests */,
			);
		};
/* End PBXProject section */

/* Begin PBXResourcesBuildPhase section */
		817119AE233C70A400595A7B /* Resources */ = {
			isa = PBXResourcesBuildPhase;
			buildActionMask = 2147483647;
			files = (
				817119C0233C70A600595A7B /* LaunchScreen.storyboard in Resources */,
				817119BD233C70A600595A7B /* Assets.xcassets in Resources */,
				817119BB233C70A400595A7B /* Main.storyboard in Resources */,
			);
			runOnlyForDeploymentPostprocessing = 0;
		};
		817119C4233C70A700595A7B /* Resources */ = {
			isa = PBXResourcesBuildPhase;
			buildActionMask = 2147483647;
			files = (
			);
			runOnlyForDeploymentPostprocessing = 0;
		};
		817119CF233C70A700595A7B /* Resources */ = {
			isa = PBXResourcesBuildPhase;
			buildActionMask = 2147483647;
			files = (
			);
			runOnlyForDeploymentPostprocessing = 0;
		};
/* End PBXResourcesBuildPhase section */

/* Begin PBXSourcesBuildPhase section */
		817119AC233C70A400595A7B /* Sources */ = {
			isa = PBXSourcesBuildPhase;
			buildActionMask = 2147483647;
			files = (
				537F4932234EBB850012AE80 /* TimeInterval+Convert.swift in Sources */,
				53B77198234F0A9F005E7121 /* ControlMessage.swift in Sources */,
				531C5C38234E517000AA1761 /* RTMP+AMF3+String.swift in Sources */,
				537F492F234EBA9D0012AE80 /* RTMP+CMAudioFormatDescription+Parameter.swift in Sources */,
				8114B44D2345B49E0001D527 /* FilterVideo.swift in Sources */,
				53B771A0234F0E23005E7121 /* StatusResponse.swift in Sources */,
				537F4928234EB8930012AE80 /* RTMP+Array+Chunk.swift in Sources */,
				810B68962347249B0038C779 /* StartViewController.swift in Sources */,
				8114B45E2345D3D50001D527 /* Luminance.metal in Sources */,
				53B77192234F098D005E7121 /* DataMessage.swift in Sources */,
				8114B44F2345B5D10001D527 /* FrameFilter.swift in Sources */,
				531C5C2E234E2A5500AA1761 /* RTMP+AMF3Protocol.swift in Sources */,
				531C5C2A234E24E600AA1761 /* RTMP+AMF0+Bool.swift in Sources */,
				53B7718A234F059B005E7121 /* RTMPHandShake.swift in Sources */,
				53B77184234F0254005E7121 /* RTMPNetBaseSocket.swift in Sources */,
				53B7719E234F0DF8005E7121 /* DataResponse.swift in Sources */,
				C2650D3F234D93C00092210F /* RTMP+AMF0+Array.swift in Sources */,
				537F4945234EBE5E0012AE80 /* RTMP+AudioStreamBasicDescription+PacketData.swift in Sources */,
				537F4936234EBBD00012AE80 /* RTMP+Dictionary+DecodeObject.swift in Sources */,
				C2650D34234D8EDE0092210F /* RTMP+AMF0+UInt.swift in Sources */,
				531C5C28234E23F800AA1761 /* RTMP+AMF0+Int.swift in Sources */,
				531C5C32234E2C5B00AA1761 /* RTMP+AMF3+Array.swift in Sources */,
				DDFB4D482345F84000A91607 /* MediaFileWriterStore.swift in Sources */,
				53B771A2234F0E4F005E7121 /* MetadataResponse.swift in Sources */,
				537F493F234EBCEC0012AE80 /* RTMP+CMSampleBuffer+Parameter.swift in Sources */,
				533ADAC6234F629700D0940D /* MessageHeaderType2.swift in Sources */,
				53B77190234F0958005E7121 /* CommandMessage.swift in Sources */,
				53B77196234F0A06005E7121 /* ShareObjectMessage.swift in Sources */,
				817119B8233C70A400595A7B /* ViewController.swift in Sources */,
				531C5C43234E5A9100AA1761 /* RTMP+AMF3+UInt.swift in Sources */,
				531C5C36234E505F00AA1761 /* RTMP+AMF3+Dictionary.swift in Sources */,
				53B771A4234F10F5005E7121 /* AudioQueueCollection.swift in Sources */,
				53B77182234F0090005E7121 /* RTMPSocket.swift in Sources */,
				817119E5233C712400595A7B /* AVCaptureModule.swift in Sources */,
				DDFB4D4A2345FC6B00A91607 /* MediaRecorder.swift in Sources */,
				81E336E3233E1EF500137FB1 /* CameraCapture.swift in Sources */,
				531C5C41234E5A6A00AA1761 /* RTMP+AMF3+Data.swift in Sources */,
				53B77194234F09D7005E7121 /* UserControlMessage.swift in Sources */,
				53B7718E234F0909005E7121 /* BaseMessage.swift in Sources */,
				8114B4602345D3DE0001D527 /* LowContract.metal in Sources */,
				533ADAB9234F600400D0940D /* H264Encoder.swift in Sources */,
				817119B4233C70A400595A7B /* AppDelegate.swift in Sources */,
				533ADAD1234F64B100D0940D /* DataDecoder.swift in Sources */,
				C2650D32234D8A6F0092210F /* RTMP+ExpressibleByIntegerLiteral+Convert.swift in Sources */,
				C2650D3C234D92640092210F /* RTMP+AMF0+String.swift in Sources */,
				537F492B234EBA2E0012AE80 /* UIDeviceOrientation.swift in Sources */,
				531C5C3B234E533900AA1761 /* AMF3ReferenceTable.swift in Sources */,
				53B7719A234F0CBD005E7121 /* RTMPResponseDefine.swift in Sources */,
				C2650D38234D90C50092210F /* RTMP+AMF0+Double.swift in Sources */,
				537F4942234EBDEB0012AE80 /* RTMP+CMBlockBuffer+Data.swift in Sources */,
				533ADAD5234F74D800D0940D /* ChunkDecoder.swift in Sources */,
				531C5C34234E4BFD00AA1761 /* RTMP+AMF3+Int.swift in Sources */,
				531C5C3D234E5A2400AA1761 /* RTMP+AMF3+Decode.swift in Sources */,
				533ADAD3234F6AAA00D0940D /* H264Decoder.swift in Sources */,
				531C5C45234E5AAF00AA1761 /* RTMP+AMF3+Double.swift in Sources */,
				531C5C2C234E268800AA1761 /* AMF3Object.swift in Sources */,
				53B7719C234F0CFB005E7121 /* RTMPResponse.swift in Sources */,
				533ADABF234F620B00D0940D /* ByteReader.swift in Sources */,
				533ADAC4234F627E00D0940D /* MessageHeaderType1.swift in Sources */,
				53B77188234F0567005E7121 /* RTMPPublishSession.swift in Sources */,
				8114B45C2345D3C90001D527 /* Purple.metal in Sources */,
				C202B881234CA72500E5213C /* RTMPPublish.swift in Sources */,
				8114B4542345D2020001D527 /* Luminance.swift in Sources */,
				533ADACF234F639200D0940D /* BitData.swift in Sources */,
				533ADACB234F635700D0940D /* RTMPChunkHeader.swift in Sources */,
				C2650D3A234D919C0092210F /* RTMP+AMF0+Date.swift in Sources */,
				533ADAB4234F5EC300D0940D /* AudioEncoder.swift in Sources */,
				8114B4522345D1500001D527 /* Purple.swift in Sources */,
				53B77186234F0281005E7121 /* RTMPConnectionInfo.swift in Sources */,
				DDFB4D462345F82400A91607 /* MediaFileWriter.swift in Sources */,
				531C5C26234E223900AA1761 /* RTMP+AMF0+Dictionary.swift in Sources */,
				533ADAC9234F62AE00D0940D /* MessageHeaderType3.swift in Sources */,
				533ADABD234F619800D0940D /* RTMPChunkDefine.swift in Sources */,
				C2650D28234D7B540092210F /* AMFProtocol.swift in Sources */,
				C2650D26234D7AB10092210F /* AMF0Object.swift in Sources */,
				537F493C234EBCC20012AE80 /* RTMP+Range+Shift.swift in Sources */,
				C2650D41234D95140092210F /* RTMP+AMF0+Decode.swift in Sources */,
				817119B6233C70A400595A7B /* SceneDelegate.swift in Sources */,
				537F4939234EBC9A0012AE80 /* RTMP+CVImageBuffer+Convert.swift in Sources */,
				8114B4622345D3F00001D527 /* ColorInversion.metal in Sources */,
				8114B4642345D3FA0001D527 /* Lookup.metal in Sources */,
				8114B4662345D43C0001D527 /* PassThrough.metal in Sources */,
				8114B45A2345D3A60001D527 /* Lookup.swift in Sources */,
				C2650D2D234D83770092210F /* RTMP+Data+Range.swift in Sources */,
				533ADAB2234F5EA500D0940D /* AudioBuffer.swift in Sources */,
				8114B4582345D2370001D527 /* ColorInversion.swift in Sources */,
				531C5C3F234E5A5000AA1761 /* RTMP+AMF3+Date.swift in Sources */,
				8114B4682345D9E30001D527 /* CanvasMetalView.swift in Sources */,
				C2650D2F234D84C00092210F /* RTMP+Data+Append.swift in Sources */,
				533ADACD234F636D00D0940D /* ChunkEncoder.swift in Sources */,
				533ADAC2234F625600D0940D /* MessageHeaderType0.swift in Sources */,
				533ADAB6234F5EF800D0940D /* AudioSpecificConfig.swift in Sources */,
				533ADAB0234F5E3700D0940D /* AACDecoder.swift in Sources */,
				C202B87F234C9ECF00E5213C /* RTMPDefine.swift in Sources */,
				531C5C30234E2C1B00AA1761 /* RTMP+AMF3+Bool.swift in Sources */,
				C2650D36234D8F920092210F /* RTMP+AMF0Protocol.swift in Sources */,
				537F4926234EB8700012AE80 /* RTMP+Array+SafeElement.swift in Sources */,
				C2650D2B234D80980092210F /* RTMP+Data+Byte.swift in Sources */,
				DDF9FEFD234B377100657A40 /* LiveStreamMediaRecorder.swift in Sources */,
				533ADABB234F603B00D0940D /* VideoBuffer.swift in Sources */,
				8114B4562345D2170001D527 /* LowContract.swift in Sources */,
				81E336E4233E1EF800137FB1 /* MicrophoneCapture.swift in Sources */,
				53B7718C234F08D8005E7121 /* RTMPMessageDefine.swift in Sources */,
			);
			runOnlyForDeploymentPostprocessing = 0;
		};
		817119C2233C70A700595A7B /* Sources */ = {
			isa = PBXSourcesBuildPhase;
			buildActionMask = 2147483647;
			files = (
				817119CB233C70A700595A7B /* LiveStreamTests.swift in Sources */,
			);
			runOnlyForDeploymentPostprocessing = 0;
		};
		817119CD233C70A700595A7B /* Sources */ = {
			isa = PBXSourcesBuildPhase;
			buildActionMask = 2147483647;
			files = (
				817119D6233C70A700595A7B /* LiveStreamUITests.swift in Sources */,
			);
			runOnlyForDeploymentPostprocessing = 0;
		};
/* End PBXSourcesBuildPhase section */

/* Begin PBXTargetDependency section */
		817119C8233C70A700595A7B /* PBXTargetDependency */ = {
			isa = PBXTargetDependency;
			target = 817119AF233C70A400595A7B /* LiveStream */;
			targetProxy = 817119C7233C70A700595A7B /* PBXContainerItemProxy */;
		};
		817119D3233C70A700595A7B /* PBXTargetDependency */ = {
			isa = PBXTargetDependency;
			target = 817119AF233C70A400595A7B /* LiveStream */;
			targetProxy = 817119D2233C70A700595A7B /* PBXContainerItemProxy */;
		};
/* End PBXTargetDependency section */

/* Begin PBXVariantGroup section */
		817119B9233C70A400595A7B /* Main.storyboard */ = {
			isa = PBXVariantGroup;
			children = (
				817119BA233C70A400595A7B /* Base */,
			);
			name = Main.storyboard;
			sourceTree = "<group>";
		};
		817119BE233C70A600595A7B /* LaunchScreen.storyboard */ = {
			isa = PBXVariantGroup;
			children = (
				817119BF233C70A600595A7B /* Base */,
			);
			name = LaunchScreen.storyboard;
			sourceTree = "<group>";
		};
/* End PBXVariantGroup section */

/* Begin XCBuildConfiguration section */
		817119D8233C70A700595A7B /* Debug */ = {
			isa = XCBuildConfiguration;
			buildSettings = {
				ALWAYS_SEARCH_USER_PATHS = NO;
				CLANG_ANALYZER_NONNULL = YES;
				CLANG_ANALYZER_NUMBER_OBJECT_CONVERSION = YES_AGGRESSIVE;
				CLANG_CXX_LANGUAGE_STANDARD = "gnu++14";
				CLANG_CXX_LIBRARY = "libc++";
				CLANG_ENABLE_MODULES = YES;
				CLANG_ENABLE_OBJC_ARC = YES;
				CLANG_ENABLE_OBJC_WEAK = YES;
				CLANG_WARN_BLOCK_CAPTURE_AUTORELEASING = YES;
				CLANG_WARN_BOOL_CONVERSION = YES;
				CLANG_WARN_COMMA = YES;
				CLANG_WARN_CONSTANT_CONVERSION = YES;
				CLANG_WARN_DEPRECATED_OBJC_IMPLEMENTATIONS = YES;
				CLANG_WARN_DIRECT_OBJC_ISA_USAGE = YES_ERROR;
				CLANG_WARN_DOCUMENTATION_COMMENTS = YES;
				CLANG_WARN_EMPTY_BODY = YES;
				CLANG_WARN_ENUM_CONVERSION = YES;
				CLANG_WARN_INFINITE_RECURSION = YES;
				CLANG_WARN_INT_CONVERSION = YES;
				CLANG_WARN_NON_LITERAL_NULL_CONVERSION = YES;
				CLANG_WARN_OBJC_IMPLICIT_RETAIN_SELF = YES;
				CLANG_WARN_OBJC_LITERAL_CONVERSION = YES;
				CLANG_WARN_OBJC_ROOT_CLASS = YES_ERROR;
				CLANG_WARN_RANGE_LOOP_ANALYSIS = YES;
				CLANG_WARN_STRICT_PROTOTYPES = YES;
				CLANG_WARN_SUSPICIOUS_MOVE = YES;
				CLANG_WARN_UNGUARDED_AVAILABILITY = YES_AGGRESSIVE;
				CLANG_WARN_UNREACHABLE_CODE = YES;
				CLANG_WARN__DUPLICATE_METHOD_MATCH = YES;
				COPY_PHASE_STRIP = NO;
				DEBUG_INFORMATION_FORMAT = dwarf;
				ENABLE_STRICT_OBJC_MSGSEND = YES;
				ENABLE_TESTABILITY = YES;
				GCC_C_LANGUAGE_STANDARD = gnu11;
				GCC_DYNAMIC_NO_PIC = NO;
				GCC_NO_COMMON_BLOCKS = YES;
				GCC_OPTIMIZATION_LEVEL = 0;
				GCC_PREPROCESSOR_DEFINITIONS = (
					"DEBUG=1",
					"$(inherited)",
				);
				GCC_WARN_64_TO_32_BIT_CONVERSION = YES;
				GCC_WARN_ABOUT_RETURN_TYPE = YES_ERROR;
				GCC_WARN_UNDECLARED_SELECTOR = YES;
				GCC_WARN_UNINITIALIZED_AUTOS = YES_AGGRESSIVE;
				GCC_WARN_UNUSED_FUNCTION = YES;
				GCC_WARN_UNUSED_VARIABLE = YES;
				IPHONEOS_DEPLOYMENT_TARGET = 13.0;
				MTL_ENABLE_DEBUG_INFO = INCLUDE_SOURCE;
				MTL_FAST_MATH = YES;
				ONLY_ACTIVE_ARCH = YES;
				SDKROOT = iphoneos;
				SWIFT_ACTIVE_COMPILATION_CONDITIONS = DEBUG;
				SWIFT_OPTIMIZATION_LEVEL = "-Onone";
			};
			name = Debug;
		};
		817119D9233C70A700595A7B /* Release */ = {
			isa = XCBuildConfiguration;
			buildSettings = {
				ALWAYS_SEARCH_USER_PATHS = NO;
				CLANG_ANALYZER_NONNULL = YES;
				CLANG_ANALYZER_NUMBER_OBJECT_CONVERSION = YES_AGGRESSIVE;
				CLANG_CXX_LANGUAGE_STANDARD = "gnu++14";
				CLANG_CXX_LIBRARY = "libc++";
				CLANG_ENABLE_MODULES = YES;
				CLANG_ENABLE_OBJC_ARC = YES;
				CLANG_ENABLE_OBJC_WEAK = YES;
				CLANG_WARN_BLOCK_CAPTURE_AUTORELEASING = YES;
				CLANG_WARN_BOOL_CONVERSION = YES;
				CLANG_WARN_COMMA = YES;
				CLANG_WARN_CONSTANT_CONVERSION = YES;
				CLANG_WARN_DEPRECATED_OBJC_IMPLEMENTATIONS = YES;
				CLANG_WARN_DIRECT_OBJC_ISA_USAGE = YES_ERROR;
				CLANG_WARN_DOCUMENTATION_COMMENTS = YES;
				CLANG_WARN_EMPTY_BODY = YES;
				CLANG_WARN_ENUM_CONVERSION = YES;
				CLANG_WARN_INFINITE_RECURSION = YES;
				CLANG_WARN_INT_CONVERSION = YES;
				CLANG_WARN_NON_LITERAL_NULL_CONVERSION = YES;
				CLANG_WARN_OBJC_IMPLICIT_RETAIN_SELF = YES;
				CLANG_WARN_OBJC_LITERAL_CONVERSION = YES;
				CLANG_WARN_OBJC_ROOT_CLASS = YES_ERROR;
				CLANG_WARN_RANGE_LOOP_ANALYSIS = YES;
				CLANG_WARN_STRICT_PROTOTYPES = YES;
				CLANG_WARN_SUSPICIOUS_MOVE = YES;
				CLANG_WARN_UNGUARDED_AVAILABILITY = YES_AGGRESSIVE;
				CLANG_WARN_UNREACHABLE_CODE = YES;
				CLANG_WARN__DUPLICATE_METHOD_MATCH = YES;
				COPY_PHASE_STRIP = NO;
				DEBUG_INFORMATION_FORMAT = "dwarf-with-dsym";
				ENABLE_NS_ASSERTIONS = NO;
				ENABLE_STRICT_OBJC_MSGSEND = YES;
				GCC_C_LANGUAGE_STANDARD = gnu11;
				GCC_NO_COMMON_BLOCKS = YES;
				GCC_WARN_64_TO_32_BIT_CONVERSION = YES;
				GCC_WARN_ABOUT_RETURN_TYPE = YES_ERROR;
				GCC_WARN_UNDECLARED_SELECTOR = YES;
				GCC_WARN_UNINITIALIZED_AUTOS = YES_AGGRESSIVE;
				GCC_WARN_UNUSED_FUNCTION = YES;
				GCC_WARN_UNUSED_VARIABLE = YES;
				IPHONEOS_DEPLOYMENT_TARGET = 13.0;
				MTL_ENABLE_DEBUG_INFO = NO;
				MTL_FAST_MATH = YES;
				SDKROOT = iphoneos;
				SWIFT_COMPILATION_MODE = wholemodule;
				SWIFT_OPTIMIZATION_LEVEL = "-O";
				VALIDATE_PRODUCT = YES;
			};
			name = Release;
		};
		817119DB233C70A700595A7B /* Debug */ = {
			isa = XCBuildConfiguration;
			buildSettings = {
				ASSETCATALOG_COMPILER_APPICON_NAME = AppIcon;
				CODE_SIGN_IDENTITY = "Apple Development";
				CODE_SIGN_STYLE = Automatic;
				DEVELOPMENT_TEAM = 3NLA5R24DG;
				INFOPLIST_FILE = LiveStream/Info.plist;
				IPHONEOS_DEPLOYMENT_TARGET = 10.0;
				LD_RUNPATH_SEARCH_PATHS = (
					"$(inherited)",
					"@executable_path/Frameworks",
				);
				PRODUCT_BUNDLE_IDENTIFIER = CPU11899.VNG.LiveStream;
				PRODUCT_NAME = "$(TARGET_NAME)";
				PROVISIONING_PROFILE_SPECIFIER = "";
				SWIFT_VERSION = 5.0;
				TARGETED_DEVICE_FAMILY = "1,2";
			};
			name = Debug;
		};
		817119DC233C70A700595A7B /* Release */ = {
			isa = XCBuildConfiguration;
			buildSettings = {
				ASSETCATALOG_COMPILER_APPICON_NAME = AppIcon;
				CODE_SIGN_IDENTITY = "Apple Development";
				CODE_SIGN_STYLE = Automatic;
				DEVELOPMENT_TEAM = 3NLA5R24DG;
				INFOPLIST_FILE = LiveStream/Info.plist;
				IPHONEOS_DEPLOYMENT_TARGET = 10.0;
				LD_RUNPATH_SEARCH_PATHS = (
					"$(inherited)",
					"@executable_path/Frameworks",
				);
				PRODUCT_BUNDLE_IDENTIFIER = CPU11899.VNG.LiveStream;
				PRODUCT_NAME = "$(TARGET_NAME)";
				PROVISIONING_PROFILE_SPECIFIER = "";
				SWIFT_VERSION = 5.0;
				TARGETED_DEVICE_FAMILY = "1,2";
			};
			name = Release;
		};
		817119DE233C70A700595A7B /* Debug */ = {
			isa = XCBuildConfiguration;
			buildSettings = {
				ALWAYS_EMBED_SWIFT_STANDARD_LIBRARIES = YES;
				BUNDLE_LOADER = "$(TEST_HOST)";
				CODE_SIGN_STYLE = Automatic;
				DEVELOPMENT_TEAM = SKQY859ZK7;
				INFOPLIST_FILE = LiveStreamTests/Info.plist;
				IPHONEOS_DEPLOYMENT_TARGET = 13.0;
				LD_RUNPATH_SEARCH_PATHS = (
					"$(inherited)",
					"@executable_path/Frameworks",
					"@loader_path/Frameworks",
				);
				PRODUCT_BUNDLE_IDENTIFIER = za.fresher.assignment.LiveStreamTests;
				PRODUCT_NAME = "$(TARGET_NAME)";
				SWIFT_VERSION = 5.0;
				TARGETED_DEVICE_FAMILY = "1,2";
				TEST_HOST = "$(BUILT_PRODUCTS_DIR)/LiveStream.app/LiveStream";
			};
			name = Debug;
		};
		817119DF233C70A700595A7B /* Release */ = {
			isa = XCBuildConfiguration;
			buildSettings = {
				ALWAYS_EMBED_SWIFT_STANDARD_LIBRARIES = YES;
				BUNDLE_LOADER = "$(TEST_HOST)";
				CODE_SIGN_STYLE = Automatic;
				DEVELOPMENT_TEAM = SKQY859ZK7;
				INFOPLIST_FILE = LiveStreamTests/Info.plist;
				IPHONEOS_DEPLOYMENT_TARGET = 13.0;
				LD_RUNPATH_SEARCH_PATHS = (
					"$(inherited)",
					"@executable_path/Frameworks",
					"@loader_path/Frameworks",
				);
				PRODUCT_BUNDLE_IDENTIFIER = za.fresher.assignment.LiveStreamTests;
				PRODUCT_NAME = "$(TARGET_NAME)";
				SWIFT_VERSION = 5.0;
				TARGETED_DEVICE_FAMILY = "1,2";
				TEST_HOST = "$(BUILT_PRODUCTS_DIR)/LiveStream.app/LiveStream";
			};
			name = Release;
		};
		817119E1233C70A700595A7B /* Debug */ = {
			isa = XCBuildConfiguration;
			buildSettings = {
				ALWAYS_EMBED_SWIFT_STANDARD_LIBRARIES = YES;
				CODE_SIGN_STYLE = Automatic;
				DEVELOPMENT_TEAM = SKQY859ZK7;
				INFOPLIST_FILE = LiveStreamUITests/Info.plist;
				LD_RUNPATH_SEARCH_PATHS = (
					"$(inherited)",
					"@executable_path/Frameworks",
					"@loader_path/Frameworks",
				);
				PRODUCT_BUNDLE_IDENTIFIER = za.fresher.assignment.LiveStreamUITests;
				PRODUCT_NAME = "$(TARGET_NAME)";
				SWIFT_VERSION = 5.0;
				TARGETED_DEVICE_FAMILY = "1,2";
				TEST_TARGET_NAME = LiveStream;
			};
			name = Debug;
		};
		817119E2233C70A700595A7B /* Release */ = {
			isa = XCBuildConfiguration;
			buildSettings = {
				ALWAYS_EMBED_SWIFT_STANDARD_LIBRARIES = YES;
				CODE_SIGN_STYLE = Automatic;
				DEVELOPMENT_TEAM = SKQY859ZK7;
				INFOPLIST_FILE = LiveStreamUITests/Info.plist;
				LD_RUNPATH_SEARCH_PATHS = (
					"$(inherited)",
					"@executable_path/Frameworks",
					"@loader_path/Frameworks",
				);
				PRODUCT_BUNDLE_IDENTIFIER = za.fresher.assignment.LiveStreamUITests;
				PRODUCT_NAME = "$(TARGET_NAME)";
				SWIFT_VERSION = 5.0;
				TARGETED_DEVICE_FAMILY = "1,2";
				TEST_TARGET_NAME = LiveStream;
			};
			name = Release;
		};
/* End XCBuildConfiguration section */

/* Begin XCConfigurationList section */
		817119AB233C70A400595A7B /* Build configuration list for PBXProject "LiveStream" */ = {
			isa = XCConfigurationList;
			buildConfigurations = (
				817119D8233C70A700595A7B /* Debug */,
				817119D9233C70A700595A7B /* Release */,
			);
			defaultConfigurationIsVisible = 0;
			defaultConfigurationName = Release;
		};
		817119DA233C70A700595A7B /* Build configuration list for PBXNativeTarget "LiveStream" */ = {
			isa = XCConfigurationList;
			buildConfigurations = (
				817119DB233C70A700595A7B /* Debug */,
				817119DC233C70A700595A7B /* Release */,
			);
			defaultConfigurationIsVisible = 0;
			defaultConfigurationName = Release;
		};
		817119DD233C70A700595A7B /* Build configuration list for PBXNativeTarget "LiveStreamTests" */ = {
			isa = XCConfigurationList;
			buildConfigurations = (
				817119DE233C70A700595A7B /* Debug */,
				817119DF233C70A700595A7B /* Release */,
			);
			defaultConfigurationIsVisible = 0;
			defaultConfigurationName = Release;
		};
		817119E0233C70A700595A7B /* Build configuration list for PBXNativeTarget "LiveStreamUITests" */ = {
			isa = XCConfigurationList;
			buildConfigurations = (
				817119E1233C70A700595A7B /* Debug */,
				817119E2233C70A700595A7B /* Release */,
			);
			defaultConfigurationIsVisible = 0;
			defaultConfigurationName = Release;
		};
/* End XCConfigurationList section */
	};
	rootObject = 817119A8233C70A400595A7B /* Project object */;
}
