// !$*UTF8*$!
{
	archiveVersion = 1;
	classes = {
	};
	objectVersion = 50;
	objects = {

/* Begin PBXBuildFile section */
		72153E3023417B89009EF4B3 /* VideoRecorder.swift in Sources */ = {isa = PBXBuildFile; fileRef = 72153E2F23417B89009EF4B3 /* VideoRecorder.swift */; };
		72A1F5362340AFCE000B318D /* H264Encoder.swift in Sources */ = {isa = PBXBuildFile; fileRef = 72A1F5352340AFCE000B318D /* H264Encoder.swift */; };
		72A1F53C2340D14E000B318D /* AACEncoder.swift in Sources */ = {isa = PBXBuildFile; fileRef = 72A1F53B2340D14E000B318D /* AACEncoder.swift */; };
		810B68962347249B0038C779 /* StartViewController.swift in Sources */ = {isa = PBXBuildFile; fileRef = 810B68952347249B0038C779 /* StartViewController.swift */; };
		8114B44D2345B49E0001D527 /* FilterVideo.swift in Sources */ = {isa = PBXBuildFile; fileRef = 8114B44C2345B49E0001D527 /* FilterVideo.swift */; };
		8114B44F2345B5D10001D527 /* FrameFilter.swift in Sources */ = {isa = PBXBuildFile; fileRef = 8114B44E2345B5D10001D527 /* FrameFilter.swift */; };
		8114B4522345D1500001D527 /* Purple.swift in Sources */ = {isa = PBXBuildFile; fileRef = 8114B4512345D1500001D527 /* Purple.swift */; };
		8114B4542345D2020001D527 /* Luminance.swift in Sources */ = {isa = PBXBuildFile; fileRef = 8114B4532345D2020001D527 /* Luminance.swift */; };
		8114B4562345D2170001D527 /* LowContract.swift in Sources */ = {isa = PBXBuildFile; fileRef = 8114B4552345D2170001D527 /* LowContract.swift */; };
		8114B4582345D2370001D527 /* ColorInversion.swift in Sources */ = {isa = PBXBuildFile; fileRef = 8114B4572345D2370001D527 /* ColorInversion.swift */; };
		8114B45A2345D3A60001D527 /* Lookup.swift in Sources */ = {isa = PBXBuildFile; fileRef = 8114B4592345D3A60001D527 /* Lookup.swift */; };
		8114B45C2345D3C90001D527 /* Purple.metal in Sources */ = {isa = PBXBuildFile; fileRef = 8114B45B2345D3C90001D527 /* Purple.metal */; };
		8114B45E2345D3D50001D527 /* Luminance.metal in Sources */ = {isa = PBXBuildFile; fileRef = 8114B45D2345D3D50001D527 /* Luminance.metal */; };
		8114B4602345D3DE0001D527 /* LowContract.metal in Sources */ = {isa = PBXBuildFile; fileRef = 8114B45F2345D3DE0001D527 /* LowContract.metal */; };
		8114B4622345D3F00001D527 /* ColorInversion.metal in Sources */ = {isa = PBXBuildFile; fileRef = 8114B4612345D3F00001D527 /* ColorInversion.metal */; };
		8114B4642345D3FA0001D527 /* Lookup.metal in Sources */ = {isa = PBXBuildFile; fileRef = 8114B4632345D3FA0001D527 /* Lookup.metal */; };
		8114B4662345D43C0001D527 /* PassThrough.metal in Sources */ = {isa = PBXBuildFile; fileRef = 8114B4652345D43C0001D527 /* PassThrough.metal */; };
		8114B4682345D9E30001D527 /* CanvasMetalView.swift in Sources */ = {isa = PBXBuildFile; fileRef = 8114B4672345D9E30001D527 /* CanvasMetalView.swift */; };
		817119B4233C70A400595A7B /* AppDelegate.swift in Sources */ = {isa = PBXBuildFile; fileRef = 817119B3233C70A400595A7B /* AppDelegate.swift */; };
		817119B6233C70A400595A7B /* SceneDelegate.swift in Sources */ = {isa = PBXBuildFile; fileRef = 817119B5233C70A400595A7B /* SceneDelegate.swift */; };
		817119B8233C70A400595A7B /* ViewController.swift in Sources */ = {isa = PBXBuildFile; fileRef = 817119B7233C70A400595A7B /* ViewController.swift */; };
		817119BB233C70A400595A7B /* Main.storyboard in Resources */ = {isa = PBXBuildFile; fileRef = 817119B9233C70A400595A7B /* Main.storyboard */; };
		817119BD233C70A600595A7B /* Assets.xcassets in Resources */ = {isa = PBXBuildFile; fileRef = 817119BC233C70A600595A7B /* Assets.xcassets */; };
		817119C0233C70A600595A7B /* LaunchScreen.storyboard in Resources */ = {isa = PBXBuildFile; fileRef = 817119BE233C70A600595A7B /* LaunchScreen.storyboard */; };
		817119CB233C70A700595A7B /* LiveStreamTests.swift in Sources */ = {isa = PBXBuildFile; fileRef = 817119CA233C70A700595A7B /* LiveStreamTests.swift */; };
		817119D6233C70A700595A7B /* LiveStreamUITests.swift in Sources */ = {isa = PBXBuildFile; fileRef = 817119D5233C70A700595A7B /* LiveStreamUITests.swift */; };
		817119E5233C712400595A7B /* AVCaptureModule.swift in Sources */ = {isa = PBXBuildFile; fileRef = 817119E4233C712400595A7B /* AVCaptureModule.swift */; };
		81974A222342065E00BB2DE3 /* MediaEncoder.swift in Sources */ = {isa = PBXBuildFile; fileRef = 81974A212342065E00BB2DE3 /* MediaEncoder.swift */; };
		81E336E3233E1EF500137FB1 /* CameraCapture.swift in Sources */ = {isa = PBXBuildFile; fileRef = 81BE53D8233DEDCF00C761F7 /* CameraCapture.swift */; };
		81E336E4233E1EF800137FB1 /* MicrophoneCapture.swift in Sources */ = {isa = PBXBuildFile; fileRef = 81E336E1233E1E2C00137FB1 /* MicrophoneCapture.swift */; };
		DD058BB623472CD80047F93E /* VideoEncoder.swift in Sources */ = {isa = PBXBuildFile; fileRef = DD058BB523472CD80047F93E /* VideoEncoder.swift */; };
		DD058BB823472CE20047F93E /* AudioEncoder.swift in Sources */ = {isa = PBXBuildFile; fileRef = DD058BB723472CE20047F93E /* AudioEncoder.swift */; };
		DDF9FEFD234B377100657A40 /* LiveStreamMediaRecorder.swift in Sources */ = {isa = PBXBuildFile; fileRef = DDF9FEFC234B377100657A40 /* LiveStreamMediaRecorder.swift */; };
		DDFB4D462345F82400A91607 /* MediaFileWriter.swift in Sources */ = {isa = PBXBuildFile; fileRef = DDFB4D452345F82400A91607 /* MediaFileWriter.swift */; };
		DDFB4D482345F84000A91607 /* MediaFileWriterStore.swift in Sources */ = {isa = PBXBuildFile; fileRef = DDFB4D472345F84000A91607 /* MediaFileWriterStore.swift */; };
		DDFB4D4A2345FC6B00A91607 /* MediaRecorder.swift in Sources */ = {isa = PBXBuildFile; fileRef = DDFB4D492345FC6B00A91607 /* MediaRecorder.swift */; };
/* End PBXBuildFile section */

/* Begin PBXContainerItemProxy section */
		817119C7233C70A700595A7B /* PBXContainerItemProxy */ = {
			isa = PBXContainerItemProxy;
			containerPortal = 817119A8233C70A400595A7B /* Project object */;
			proxyType = 1;
			remoteGlobalIDString = 817119AF233C70A400595A7B;
			remoteInfo = LiveStream;
		};
		817119D2233C70A700595A7B /* PBXContainerItemProxy */ = {
			isa = PBXContainerItemProxy;
			containerPortal = 817119A8233C70A400595A7B /* Project object */;
			proxyType = 1;
			remoteGlobalIDString = 817119AF233C70A400595A7B;
			remoteInfo = LiveStream;
		};
/* End PBXContainerItemProxy section */

/* Begin PBXFileReference section */
		72153E2F23417B89009EF4B3 /* VideoRecorder.swift */ = {isa = PBXFileReference; lastKnownFileType = sourcecode.swift; path = VideoRecorder.swift; sourceTree = "<group>"; };
		72A1F5352340AFCE000B318D /* H264Encoder.swift */ = {isa = PBXFileReference; lastKnownFileType = sourcecode.swift; path = H264Encoder.swift; sourceTree = "<group>"; };
		72A1F53B2340D14E000B318D /* AACEncoder.swift */ = {isa = PBXFileReference; lastKnownFileType = sourcecode.swift; path = AACEncoder.swift; sourceTree = "<group>"; };
		810B68952347249B0038C779 /* StartViewController.swift */ = {isa = PBXFileReference; lastKnownFileType = sourcecode.swift; path = StartViewController.swift; sourceTree = "<group>"; };
		8114B44C2345B49E0001D527 /* FilterVideo.swift */ = {isa = PBXFileReference; lastKnownFileType = sourcecode.swift; path = FilterVideo.swift; sourceTree = "<group>"; };
		8114B44E2345B5D10001D527 /* FrameFilter.swift */ = {isa = PBXFileReference; lastKnownFileType = sourcecode.swift; path = FrameFilter.swift; sourceTree = "<group>"; };
		8114B4512345D1500001D527 /* Purple.swift */ = {isa = PBXFileReference; lastKnownFileType = sourcecode.swift; path = Purple.swift; sourceTree = "<group>"; };
		8114B4532345D2020001D527 /* Luminance.swift */ = {isa = PBXFileReference; lastKnownFileType = sourcecode.swift; path = Luminance.swift; sourceTree = "<group>"; };
		8114B4552345D2170001D527 /* LowContract.swift */ = {isa = PBXFileReference; lastKnownFileType = sourcecode.swift; path = LowContract.swift; sourceTree = "<group>"; };
		8114B4572345D2370001D527 /* ColorInversion.swift */ = {isa = PBXFileReference; lastKnownFileType = sourcecode.swift; path = ColorInversion.swift; sourceTree = "<group>"; };
		8114B4592345D3A60001D527 /* Lookup.swift */ = {isa = PBXFileReference; lastKnownFileType = sourcecode.swift; path = Lookup.swift; sourceTree = "<group>"; };
		8114B45B2345D3C90001D527 /* Purple.metal */ = {isa = PBXFileReference; lastKnownFileType = sourcecode.metal; path = Purple.metal; sourceTree = "<group>"; };
		8114B45D2345D3D50001D527 /* Luminance.metal */ = {isa = PBXFileReference; lastKnownFileType = sourcecode.metal; path = Luminance.metal; sourceTree = "<group>"; };
		8114B45F2345D3DE0001D527 /* LowContract.metal */ = {isa = PBXFileReference; lastKnownFileType = sourcecode.metal; path = LowContract.metal; sourceTree = "<group>"; };
		8114B4612345D3F00001D527 /* ColorInversion.metal */ = {isa = PBXFileReference; lastKnownFileType = sourcecode.metal; path = ColorInversion.metal; sourceTree = "<group>"; };
		8114B4632345D3FA0001D527 /* Lookup.metal */ = {isa = PBXFileReference; lastKnownFileType = sourcecode.metal; path = Lookup.metal; sourceTree = "<group>"; };
		8114B4652345D43C0001D527 /* PassThrough.metal */ = {isa = PBXFileReference; lastKnownFileType = sourcecode.metal; path = PassThrough.metal; sourceTree = "<group>"; };
		8114B4672345D9E30001D527 /* CanvasMetalView.swift */ = {isa = PBXFileReference; lastKnownFileType = sourcecode.swift; path = CanvasMetalView.swift; sourceTree = "<group>"; };
		817119B0233C70A400595A7B /* LiveStream.app */ = {isa = PBXFileReference; explicitFileType = wrapper.application; includeInIndex = 0; path = LiveStream.app; sourceTree = BUILT_PRODUCTS_DIR; };
		817119B3233C70A400595A7B /* AppDelegate.swift */ = {isa = PBXFileReference; lastKnownFileType = sourcecode.swift; path = AppDelegate.swift; sourceTree = "<group>"; };
		817119B5233C70A400595A7B /* SceneDelegate.swift */ = {isa = PBXFileReference; lastKnownFileType = sourcecode.swift; path = SceneDelegate.swift; sourceTree = "<group>"; };
		817119B7233C70A400595A7B /* ViewController.swift */ = {isa = PBXFileReference; lastKnownFileType = sourcecode.swift; path = ViewController.swift; sourceTree = "<group>"; };
		817119BA233C70A400595A7B /* Base */ = {isa = PBXFileReference; lastKnownFileType = file.storyboard; name = Base; path = Base.lproj/Main.storyboard; sourceTree = "<group>"; };
		817119BC233C70A600595A7B /* Assets.xcassets */ = {isa = PBXFileReference; lastKnownFileType = folder.assetcatalog; path = Assets.xcassets; sourceTree = "<group>"; };
		817119BF233C70A600595A7B /* Base */ = {isa = PBXFileReference; lastKnownFileType = file.storyboard; name = Base; path = Base.lproj/LaunchScreen.storyboard; sourceTree = "<group>"; };
		817119C1233C70A600595A7B /* Info.plist */ = {isa = PBXFileReference; lastKnownFileType = text.plist.xml; path = Info.plist; sourceTree = "<group>"; };
		817119C6233C70A700595A7B /* LiveStreamTests.xctest */ = {isa = PBXFileReference; explicitFileType = wrapper.cfbundle; includeInIndex = 0; path = LiveStreamTests.xctest; sourceTree = BUILT_PRODUCTS_DIR; };
		817119CA233C70A700595A7B /* LiveStreamTests.swift */ = {isa = PBXFileReference; lastKnownFileType = sourcecode.swift; path = LiveStreamTests.swift; sourceTree = "<group>"; };
		817119CC233C70A700595A7B /* Info.plist */ = {isa = PBXFileReference; lastKnownFileType = text.plist.xml; path = Info.plist; sourceTree = "<group>"; };
		817119D1233C70A700595A7B /* LiveStreamUITests.xctest */ = {isa = PBXFileReference; explicitFileType = wrapper.cfbundle; includeInIndex = 0; path = LiveStreamUITests.xctest; sourceTree = BUILT_PRODUCTS_DIR; };
		817119D5233C70A700595A7B /* LiveStreamUITests.swift */ = {isa = PBXFileReference; lastKnownFileType = sourcecode.swift; path = LiveStreamUITests.swift; sourceTree = "<group>"; };
		817119D7233C70A700595A7B /* Info.plist */ = {isa = PBXFileReference; lastKnownFileType = text.plist.xml; path = Info.plist; sourceTree = "<group>"; };
		817119E4233C712400595A7B /* AVCaptureModule.swift */ = {isa = PBXFileReference; lastKnownFileType = sourcecode.swift; path = AVCaptureModule.swift; sourceTree = "<group>"; };
		81974A212342065E00BB2DE3 /* MediaEncoder.swift */ = {isa = PBXFileReference; lastKnownFileType = sourcecode.swift; path = MediaEncoder.swift; sourceTree = "<group>"; };
		81BE53D8233DEDCF00C761F7 /* CameraCapture.swift */ = {isa = PBXFileReference; lastKnownFileType = sourcecode.swift; path = CameraCapture.swift; sourceTree = "<group>"; };
		81E336E1233E1E2C00137FB1 /* MicrophoneCapture.swift */ = {isa = PBXFileReference; lastKnownFileType = sourcecode.swift; path = MicrophoneCapture.swift; sourceTree = "<group>"; };
		DD058BB523472CD80047F93E /* VideoEncoder.swift */ = {isa = PBXFileReference; lastKnownFileType = sourcecode.swift; path = VideoEncoder.swift; sourceTree = "<group>"; };
		DD058BB723472CE20047F93E /* AudioEncoder.swift */ = {isa = PBXFileReference; lastKnownFileType = sourcecode.swift; path = AudioEncoder.swift; sourceTree = "<group>"; };
		DDF9FEFC234B377100657A40 /* LiveStreamMediaRecorder.swift */ = {isa = PBXFileReference; lastKnownFileType = sourcecode.swift; path = LiveStreamMediaRecorder.swift; sourceTree = "<group>"; };
		DDFB4D452345F82400A91607 /* MediaFileWriter.swift */ = {isa = PBXFileReference; lastKnownFileType = sourcecode.swift; path = MediaFileWriter.swift; sourceTree = "<group>"; };
		DDFB4D472345F84000A91607 /* MediaFileWriterStore.swift */ = {isa = PBXFileReference; lastKnownFileType = sourcecode.swift; path = MediaFileWriterStore.swift; sourceTree = "<group>"; };
		DDFB4D492345FC6B00A91607 /* MediaRecorder.swift */ = {isa = PBXFileReference; lastKnownFileType = sourcecode.swift; path = MediaRecorder.swift; sourceTree = "<group>"; };
/* End PBXFileReference section */

/* Begin PBXFrameworksBuildPhase section */
		817119AD233C70A400595A7B /* Frameworks */ = {
			isa = PBXFrameworksBuildPhase;
			buildActionMask = 2147483647;
			files = (
			);
			runOnlyForDeploymentPostprocessing = 0;
		};
		817119C3233C70A700595A7B /* Frameworks */ = {
			isa = PBXFrameworksBuildPhase;
			buildActionMask = 2147483647;
			files = (
			);
			runOnlyForDeploymentPostprocessing = 0;
		};
		817119CE233C70A700595A7B /* Frameworks */ = {
			isa = PBXFrameworksBuildPhase;
			buildActionMask = 2147483647;
			files = (
			);
			runOnlyForDeploymentPostprocessing = 0;
		};
/* End PBXFrameworksBuildPhase section */

/* Begin PBXGroup section */
		72153E3123417BEA009EF4B3 /* Video */ = {
			isa = PBXGroup;
			children = (
				72153E2F23417B89009EF4B3 /* VideoRecorder.swift */,
				72C93270234075A20060BD8D /* Encoder */,
			);
			path = Video;
			sourceTree = "<group>";
		};
		72A1F5342340AFA4000B318D /* VideoEncoder */ = {
			isa = PBXGroup;
			children = (
				72A1F5352340AFCE000B318D /* H264Encoder.swift */,
				DD058BB523472CD80047F93E /* VideoEncoder.swift */,
			);
			path = VideoEncoder;
			sourceTree = "<group>";
		};
		72A1F5382340D11C000B318D /* AudioEncoder */ = {
			isa = PBXGroup;
			children = (
				72A1F53B2340D14E000B318D /* AACEncoder.swift */,
				DD058BB723472CE20047F93E /* AudioEncoder.swift */,
			);
			path = AudioEncoder;
			sourceTree = "<group>";
		};
		72C93270234075A20060BD8D /* Encoder */ = {
			isa = PBXGroup;
			children = (
				81974A212342065E00BB2DE3 /* MediaEncoder.swift */,
				72A1F5382340D11C000B318D /* AudioEncoder */,
				72A1F5342340AFA4000B318D /* VideoEncoder */,
			);
			path = Encoder;
			sourceTree = "<group>";
		};
		8114B44B2345B48B0001D527 /* Filter */ = {
			isa = PBXGroup;
			children = (
				8114B44C2345B49E0001D527 /* FilterVideo.swift */,
				8114B44E2345B5D10001D527 /* FrameFilter.swift */,
				8114B4502345B6F60001D527 /* FrameFilters */,
			);
			path = Filter;
			sourceTree = "<group>";
		};
		8114B4502345B6F60001D527 /* FrameFilters */ = {
			isa = PBXGroup;
			children = (
				8114B4512345D1500001D527 /* Purple.swift */,
				8114B45B2345D3C90001D527 /* Purple.metal */,
				8114B4532345D2020001D527 /* Luminance.swift */,
				8114B45D2345D3D50001D527 /* Luminance.metal */,
				8114B4592345D3A60001D527 /* Lookup.swift */,
				8114B4632345D3FA0001D527 /* Lookup.metal */,
				8114B4552345D2170001D527 /* LowContract.swift */,
				8114B45F2345D3DE0001D527 /* LowContract.metal */,
				8114B4572345D2370001D527 /* ColorInversion.swift */,
				8114B4612345D3F00001D527 /* ColorInversion.metal */,
				8114B4652345D43C0001D527 /* PassThrough.metal */,
			);
			path = FrameFilters;
			sourceTree = "<group>";
		};
		817119A7233C70A400595A7B = {
			isa = PBXGroup;
			children = (
				817119B2233C70A400595A7B /* LiveStream */,
				817119C9233C70A700595A7B /* LiveStreamTests */,
				817119D4233C70A700595A7B /* LiveStreamUITests */,
				817119B1233C70A400595A7B /* Products */,
			);
			sourceTree = "<group>";
		};
		817119B1233C70A400595A7B /* Products */ = {
			isa = PBXGroup;
			children = (
				817119B0233C70A400595A7B /* LiveStream.app */,
				817119C6233C70A700595A7B /* LiveStreamTests.xctest */,
				817119D1233C70A700595A7B /* LiveStreamUITests.xctest */,
			);
			name = Products;
			sourceTree = "<group>";
		};
		817119B2233C70A400595A7B /* LiveStream */ = {
			isa = PBXGroup;
			children = (
				810B68952347249B0038C779 /* StartViewController.swift */,
				817119B7233C70A400595A7B /* ViewController.swift */,
				8114B4672345D9E30001D527 /* CanvasMetalView.swift */,
				DDFB4D442345F80A00A91607 /* MediaWriter */,
				8114B44B2345B48B0001D527 /* Filter */,
				72153E3123417BEA009EF4B3 /* Video */,
				817119E3233C711300595A7B /* Capture */,
				817119B3233C70A400595A7B /* AppDelegate.swift */,
				817119B5233C70A400595A7B /* SceneDelegate.swift */,
				817119B9233C70A400595A7B /* Main.storyboard */,
				817119BC233C70A600595A7B /* Assets.xcassets */,
				817119BE233C70A600595A7B /* LaunchScreen.storyboard */,
				817119C1233C70A600595A7B /* Info.plist */,
			);
			path = LiveStream;
			sourceTree = "<group>";
		};
		817119C9233C70A700595A7B /* LiveStreamTests */ = {
			isa = PBXGroup;
			children = (
				817119CA233C70A700595A7B /* LiveStreamTests.swift */,
				817119CC233C70A700595A7B /* Info.plist */,
			);
			path = LiveStreamTests;
			sourceTree = "<group>";
		};
		817119D4233C70A700595A7B /* LiveStreamUITests */ = {
			isa = PBXGroup;
			children = (
				817119D5233C70A700595A7B /* LiveStreamUITests.swift */,
				817119D7233C70A700595A7B /* Info.plist */,
			);
			path = LiveStreamUITests;
			sourceTree = "<group>";
		};
		817119E3233C711300595A7B /* Capture */ = {
			isa = PBXGroup;
			children = (
				817119E4233C712400595A7B /* AVCaptureModule.swift */,
				81BE53D8233DEDCF00C761F7 /* CameraCapture.swift */,
				81E336E1233E1E2C00137FB1 /* MicrophoneCapture.swift */,
			);
			path = Capture;
			sourceTree = "<group>";
		};
		DDFB4D442345F80A00A91607 /* MediaWriter */ = {
			isa = PBXGroup;
			children = (
				DDFB4D452345F82400A91607 /* MediaFileWriter.swift */,
				DDFB4D472345F84000A91607 /* MediaFileWriterStore.swift */,
				DDFB4D492345FC6B00A91607 /* MediaRecorder.swift */,
				DDF9FEFC234B377100657A40 /* LiveStreamMediaRecorder.swift */,
			);
			path = MediaWriter;
			sourceTree = "<group>";
		};
/* End PBXGroup section */

/* Begin PBXNativeTarget section */
		817119AF233C70A400595A7B /* LiveStream */ = {
			isa = PBXNativeTarget;
			buildConfigurationList = 817119DA233C70A700595A7B /* Build configuration list for PBXNativeTarget "LiveStream" */;
			buildPhases = (
				817119AC233C70A400595A7B /* Sources */,
				817119AD233C70A400595A7B /* Frameworks */,
				817119AE233C70A400595A7B /* Resources */,
			);
			buildRules = (
			);
			dependencies = (
			);
			name = LiveStream;
			productName = LiveStream;
			productReference = 817119B0233C70A400595A7B /* LiveStream.app */;
			productType = "com.apple.product-type.application";
		};
		817119C5233C70A700595A7B /* LiveStreamTests */ = {
			isa = PBXNativeTarget;
			buildConfigurationList = 817119DD233C70A700595A7B /* Build configuration list for PBXNativeTarget "LiveStreamTests" */;
			buildPhases = (
				817119C2233C70A700595A7B /* Sources */,
				817119C3233C70A700595A7B /* Frameworks */,
				817119C4233C70A700595A7B /* Resources */,
			);
			buildRules = (
			);
			dependencies = (
				817119C8233C70A700595A7B /* PBXTargetDependency */,
			);
			name = LiveStreamTests;
			productName = LiveStreamTests;
			productReference = 817119C6233C70A700595A7B /* LiveStreamTests.xctest */;
			productType = "com.apple.product-type.bundle.unit-test";
		};
		817119D0233C70A700595A7B /* LiveStreamUITests */ = {
			isa = PBXNativeTarget;
			buildConfigurationList = 817119E0233C70A700595A7B /* Build configuration list for PBXNativeTarget "LiveStreamUITests" */;
			buildPhases = (
				817119CD233C70A700595A7B /* Sources */,
				817119CE233C70A700595A7B /* Frameworks */,
				817119CF233C70A700595A7B /* Resources */,
			);
			buildRules = (
			);
			dependencies = (
				817119D3233C70A700595A7B /* PBXTargetDependency */,
			);
			name = LiveStreamUITests;
			productName = LiveStreamUITests;
			productReference = 817119D1233C70A700595A7B /* LiveStreamUITests.xctest */;
			productType = "com.apple.product-type.bundle.ui-testing";
		};
/* End PBXNativeTarget section */

/* Begin PBXProject section */
		817119A8233C70A400595A7B /* Project object */ = {
			isa = PBXProject;
			attributes = {
				LastSwiftUpdateCheck = 1100;
				LastUpgradeCheck = 1100;
				ORGANIZATIONNAME = ThangNVH;
				TargetAttributes = {
					817119AF233C70A400595A7B = {
						CreatedOnToolsVersion = 11.0;
					};
					817119C5233C70A700595A7B = {
						CreatedOnToolsVersion = 11.0;
						TestTargetID = 817119AF233C70A400595A7B;
					};
					817119D0233C70A700595A7B = {
						CreatedOnToolsVersion = 11.0;
						TestTargetID = 817119AF233C70A400595A7B;
					};
				};
			};
			buildConfigurationList = 817119AB233C70A400595A7B /* Build configuration list for PBXProject "LiveStream" */;
			compatibilityVersion = "Xcode 9.3";
			developmentRegion = en;
			hasScannedForEncodings = 0;
			knownRegions = (
				en,
				Base,
			);
			mainGroup = 817119A7233C70A400595A7B;
			productRefGroup = 817119B1233C70A400595A7B /* Products */;
			projectDirPath = "";
			projectRoot = "";
			targets = (
				817119AF233C70A400595A7B /* LiveStream */,
				817119C5233C70A700595A7B /* LiveStreamTests */,
				817119D0233C70A700595A7B /* LiveStreamUITests */,
			);
		};
/* End PBXProject section */

/* Begin PBXResourcesBuildPhase section */
		817119AE233C70A400595A7B /* Resources */ = {
			isa = PBXResourcesBuildPhase;
			buildActionMask = 2147483647;
			files = (
				817119C0233C70A600595A7B /* LaunchScreen.storyboard in Resources */,
				817119BD233C70A600595A7B /* Assets.xcassets in Resources */,
				817119BB233C70A400595A7B /* Main.storyboard in Resources */,
			);
			runOnlyForDeploymentPostprocessing = 0;
		};
		817119C4233C70A700595A7B /* Resources */ = {
			isa = PBXResourcesBuildPhase;
			buildActionMask = 2147483647;
			files = (
			);
			runOnlyForDeploymentPostprocessing = 0;
		};
		817119CF233C70A700595A7B /* Resources */ = {
			isa = PBXResourcesBuildPhase;
			buildActionMask = 2147483647;
			files = (
			);
			runOnlyForDeploymentPostprocessing = 0;
		};
/* End PBXResourcesBuildPhase section */

/* Begin PBXSourcesBuildPhase section */
		817119AC233C70A400595A7B /* Sources */ = {
			isa = PBXSourcesBuildPhase;
			buildActionMask = 2147483647;
			files = (
				8114B44D2345B49E0001D527 /* FilterVideo.swift in Sources */,
				810B68962347249B0038C779 /* StartViewController.swift in Sources */,
				8114B45E2345D3D50001D527 /* Luminance.metal in Sources */,
				8114B44F2345B5D10001D527 /* FrameFilter.swift in Sources */,
				DDFB4D482345F84000A91607 /* MediaFileWriterStore.swift in Sources */,
				817119B8233C70A400595A7B /* ViewController.swift in Sources */,
				817119E5233C712400595A7B /* AVCaptureModule.swift in Sources */,
				DDFB4D4A2345FC6B00A91607 /* MediaRecorder.swift in Sources */,
				81E336E3233E1EF500137FB1 /* CameraCapture.swift in Sources */,
				8114B4602345D3DE0001D527 /* LowContract.metal in Sources */,
				817119B4233C70A400595A7B /* AppDelegate.swift in Sources */,
				72A1F53C2340D14E000B318D /* AACEncoder.swift in Sources */,
				8114B45C2345D3C90001D527 /* Purple.metal in Sources */,
				8114B4542345D2020001D527 /* Luminance.swift in Sources */,
				72153E3023417B89009EF4B3 /* VideoRecorder.swift in Sources */,
				8114B4522345D1500001D527 /* Purple.swift in Sources */,
				DDFB4D462345F82400A91607 /* MediaFileWriter.swift in Sources */,
				817119B6233C70A400595A7B /* SceneDelegate.swift in Sources */,
				8114B4622345D3F00001D527 /* ColorInversion.metal in Sources */,
				8114B4642345D3FA0001D527 /* Lookup.metal in Sources */,
				8114B4662345D43C0001D527 /* PassThrough.metal in Sources */,
				8114B45A2345D3A60001D527 /* Lookup.swift in Sources */,
				8114B4582345D2370001D527 /* ColorInversion.swift in Sources */,
				8114B4682345D9E30001D527 /* CanvasMetalView.swift in Sources */,
				72A1F5362340AFCE000B318D /* H264Encoder.swift in Sources */,
				81974A222342065E00BB2DE3 /* MediaEncoder.swift in Sources */,
				DDF9FEFD234B377100657A40 /* LiveStreamMediaRecorder.swift in Sources */,
				8114B4562345D2170001D527 /* LowContract.swift in Sources */,
				DD058BB623472CD80047F93E /* VideoEncoder.swift in Sources */,
				81E336E4233E1EF800137FB1 /* MicrophoneCapture.swift in Sources */,
				DD058BB823472CE20047F93E /* AudioEncoder.swift in Sources */,
			);
			runOnlyForDeploymentPostprocessing = 0;
		};
		817119C2233C70A700595A7B /* Sources */ = {
			isa = PBXSourcesBuildPhase;
			buildActionMask = 2147483647;
			files = (
				817119CB233C70A700595A7B /* LiveStreamTests.swift in Sources */,
			);
			runOnlyForDeploymentPostprocessing = 0;
		};
		817119CD233C70A700595A7B /* Sources */ = {
			isa = PBXSourcesBuildPhase;
			buildActionMask = 2147483647;
			files = (
				817119D6233C70A700595A7B /* LiveStreamUITests.swift in Sources */,
			);
			runOnlyForDeploymentPostprocessing = 0;
		};
/* End PBXSourcesBuildPhase section */

/* Begin PBXTargetDependency section */
		817119C8233C70A700595A7B /* PBXTargetDependency */ = {
			isa = PBXTargetDependency;
			target = 817119AF233C70A400595A7B /* LiveStream */;
			targetProxy = 817119C7233C70A700595A7B /* PBXContainerItemProxy */;
		};
		817119D3233C70A700595A7B /* PBXTargetDependency */ = {
			isa = PBXTargetDependency;
			target = 817119AF233C70A400595A7B /* LiveStream */;
			targetProxy = 817119D2233C70A700595A7B /* PBXContainerItemProxy */;
		};
/* End PBXTargetDependency section */

/* Begin PBXVariantGroup section */
		817119B9233C70A400595A7B /* Main.storyboard */ = {
			isa = PBXVariantGroup;
			children = (
				817119BA233C70A400595A7B /* Base */,
			);
			name = Main.storyboard;
			sourceTree = "<group>";
		};
		817119BE233C70A600595A7B /* LaunchScreen.storyboard */ = {
			isa = PBXVariantGroup;
			children = (
				817119BF233C70A600595A7B /* Base */,
			);
			name = LaunchScreen.storyboard;
			sourceTree = "<group>";
		};
/* End PBXVariantGroup section */

/* Begin XCBuildConfiguration section */
		817119D8233C70A700595A7B /* Debug */ = {
			isa = XCBuildConfiguration;
			buildSettings = {
				ALWAYS_SEARCH_USER_PATHS = NO;
				CLANG_ANALYZER_NONNULL = YES;
				CLANG_ANALYZER_NUMBER_OBJECT_CONVERSION = YES_AGGRESSIVE;
				CLANG_CXX_LANGUAGE_STANDARD = "gnu++14";
				CLANG_CXX_LIBRARY = "libc++";
				CLANG_ENABLE_MODULES = YES;
				CLANG_ENABLE_OBJC_ARC = YES;
				CLANG_ENABLE_OBJC_WEAK = YES;
				CLANG_WARN_BLOCK_CAPTURE_AUTORELEASING = YES;
				CLANG_WARN_BOOL_CONVERSION = YES;
				CLANG_WARN_COMMA = YES;
				CLANG_WARN_CONSTANT_CONVERSION = YES;
				CLANG_WARN_DEPRECATED_OBJC_IMPLEMENTATIONS = YES;
				CLANG_WARN_DIRECT_OBJC_ISA_USAGE = YES_ERROR;
				CLANG_WARN_DOCUMENTATION_COMMENTS = YES;
				CLANG_WARN_EMPTY_BODY = YES;
				CLANG_WARN_ENUM_CONVERSION = YES;
				CLANG_WARN_INFINITE_RECURSION = YES;
				CLANG_WARN_INT_CONVERSION = YES;
				CLANG_WARN_NON_LITERAL_NULL_CONVERSION = YES;
				CLANG_WARN_OBJC_IMPLICIT_RETAIN_SELF = YES;
				CLANG_WARN_OBJC_LITERAL_CONVERSION = YES;
				CLANG_WARN_OBJC_ROOT_CLASS = YES_ERROR;
				CLANG_WARN_RANGE_LOOP_ANALYSIS = YES;
				CLANG_WARN_STRICT_PROTOTYPES = YES;
				CLANG_WARN_SUSPICIOUS_MOVE = YES;
				CLANG_WARN_UNGUARDED_AVAILABILITY = YES_AGGRESSIVE;
				CLANG_WARN_UNREACHABLE_CODE = YES;
				CLANG_WARN__DUPLICATE_METHOD_MATCH = YES;
				COPY_PHASE_STRIP = NO;
				DEBUG_INFORMATION_FORMAT = dwarf;
				ENABLE_STRICT_OBJC_MSGSEND = YES;
				ENABLE_TESTABILITY = YES;
				GCC_C_LANGUAGE_STANDARD = gnu11;
				GCC_DYNAMIC_NO_PIC = NO;
				GCC_NO_COMMON_BLOCKS = YES;
				GCC_OPTIMIZATION_LEVEL = 0;
				GCC_PREPROCESSOR_DEFINITIONS = (
					"DEBUG=1",
					"$(inherited)",
				);
				GCC_WARN_64_TO_32_BIT_CONVERSION = YES;
				GCC_WARN_ABOUT_RETURN_TYPE = YES_ERROR;
				GCC_WARN_UNDECLARED_SELECTOR = YES;
				GCC_WARN_UNINITIALIZED_AUTOS = YES_AGGRESSIVE;
				GCC_WARN_UNUSED_FUNCTION = YES;
				GCC_WARN_UNUSED_VARIABLE = YES;
				IPHONEOS_DEPLOYMENT_TARGET = 13.0;
				MTL_ENABLE_DEBUG_INFO = INCLUDE_SOURCE;
				MTL_FAST_MATH = YES;
				ONLY_ACTIVE_ARCH = YES;
				SDKROOT = iphoneos;
				SWIFT_ACTIVE_COMPILATION_CONDITIONS = DEBUG;
				SWIFT_OPTIMIZATION_LEVEL = "-Onone";
			};
			name = Debug;
		};
		817119D9233C70A700595A7B /* Release */ = {
			isa = XCBuildConfiguration;
			buildSettings = {
				ALWAYS_SEARCH_USER_PATHS = NO;
				CLANG_ANALYZER_NONNULL = YES;
				CLANG_ANALYZER_NUMBER_OBJECT_CONVERSION = YES_AGGRESSIVE;
				CLANG_CXX_LANGUAGE_STANDARD = "gnu++14";
				CLANG_CXX_LIBRARY = "libc++";
				CLANG_ENABLE_MODULES = YES;
				CLANG_ENABLE_OBJC_ARC = YES;
				CLANG_ENABLE_OBJC_WEAK = YES;
				CLANG_WARN_BLOCK_CAPTURE_AUTORELEASING = YES;
				CLANG_WARN_BOOL_CONVERSION = YES;
				CLANG_WARN_COMMA = YES;
				CLANG_WARN_CONSTANT_CONVERSION = YES;
				CLANG_WARN_DEPRECATED_OBJC_IMPLEMENTATIONS = YES;
				CLANG_WARN_DIRECT_OBJC_ISA_USAGE = YES_ERROR;
				CLANG_WARN_DOCUMENTATION_COMMENTS = YES;
				CLANG_WARN_EMPTY_BODY = YES;
				CLANG_WARN_ENUM_CONVERSION = YES;
				CLANG_WARN_INFINITE_RECURSION = YES;
				CLANG_WARN_INT_CONVERSION = YES;
				CLANG_WARN_NON_LITERAL_NULL_CONVERSION = YES;
				CLANG_WARN_OBJC_IMPLICIT_RETAIN_SELF = YES;
				CLANG_WARN_OBJC_LITERAL_CONVERSION = YES;
				CLANG_WARN_OBJC_ROOT_CLASS = YES_ERROR;
				CLANG_WARN_RANGE_LOOP_ANALYSIS = YES;
				CLANG_WARN_STRICT_PROTOTYPES = YES;
				CLANG_WARN_SUSPICIOUS_MOVE = YES;
				CLANG_WARN_UNGUARDED_AVAILABILITY = YES_AGGRESSIVE;
				CLANG_WARN_UNREACHABLE_CODE = YES;
				CLANG_WARN__DUPLICATE_METHOD_MATCH = YES;
				COPY_PHASE_STRIP = NO;
				DEBUG_INFORMATION_FORMAT = "dwarf-with-dsym";
				ENABLE_NS_ASSERTIONS = NO;
				ENABLE_STRICT_OBJC_MSGSEND = YES;
				GCC_C_LANGUAGE_STANDARD = gnu11;
				GCC_NO_COMMON_BLOCKS = YES;
				GCC_WARN_64_TO_32_BIT_CONVERSION = YES;
				GCC_WARN_ABOUT_RETURN_TYPE = YES_ERROR;
				GCC_WARN_UNDECLARED_SELECTOR = YES;
				GCC_WARN_UNINITIALIZED_AUTOS = YES_AGGRESSIVE;
				GCC_WARN_UNUSED_FUNCTION = YES;
				GCC_WARN_UNUSED_VARIABLE = YES;
				IPHONEOS_DEPLOYMENT_TARGET = 13.0;
				MTL_ENABLE_DEBUG_INFO = NO;
				MTL_FAST_MATH = YES;
				SDKROOT = iphoneos;
				SWIFT_COMPILATION_MODE = wholemodule;
				SWIFT_OPTIMIZATION_LEVEL = "-O";
				VALIDATE_PRODUCT = YES;
			};
			name = Release;
		};
		817119DB233C70A700595A7B /* Debug */ = {
			isa = XCBuildConfiguration;
			buildSettings = {
				ASSETCATALOG_COMPILER_APPICON_NAME = AppIcon;
				CODE_SIGN_IDENTITY = "Apple Development";
				CODE_SIGN_STYLE = Automatic;
				DEVELOPMENT_TEAM = V4K6YSYUT4;
				INFOPLIST_FILE = LiveStream/Info.plist;
				IPHONEOS_DEPLOYMENT_TARGET = 10.0;
				LD_RUNPATH_SEARCH_PATHS = (
					"$(inherited)",
					"@executable_path/Frameworks",
				);
				PRODUCT_BUNDLE_IDENTIFIER = CPU12015.CameraCapture;
				PRODUCT_NAME = "$(TARGET_NAME)";
				PROVISIONING_PROFILE_SPECIFIER = "";
				SWIFT_VERSION = 5.0;
				TARGETED_DEVICE_FAMILY = "1,2";
			};
			name = Debug;
		};
		817119DC233C70A700595A7B /* Release */ = {
			isa = XCBuildConfiguration;
			buildSettings = {
				ASSETCATALOG_COMPILER_APPICON_NAME = AppIcon;
				CODE_SIGN_IDENTITY = "Apple Development";
				CODE_SIGN_STYLE = Automatic;
				DEVELOPMENT_TEAM = V4K6YSYUT4;
				INFOPLIST_FILE = LiveStream/Info.plist;
				IPHONEOS_DEPLOYMENT_TARGET = 10.0;
				LD_RUNPATH_SEARCH_PATHS = (
					"$(inherited)",
					"@executable_path/Frameworks",
				);
				PRODUCT_BUNDLE_IDENTIFIER = CPU12015.CameraCapture;
				PRODUCT_NAME = "$(TARGET_NAME)";
				PROVISIONING_PROFILE_SPECIFIER = "";
				SWIFT_VERSION = 5.0;
				TARGETED_DEVICE_FAMILY = "1,2";
			};
			name = Release;
		};
		817119DE233C70A700595A7B /* Debug */ = {
			isa = XCBuildConfiguration;
			buildSettings = {
				ALWAYS_EMBED_SWIFT_STANDARD_LIBRARIES = YES;
				BUNDLE_LOADER = "$(TEST_HOST)";
				CODE_SIGN_STYLE = Automatic;
				DEVELOPMENT_TEAM = SKQY859ZK7;
				INFOPLIST_FILE = LiveStreamTests/Info.plist;
				IPHONEOS_DEPLOYMENT_TARGET = 13.0;
				LD_RUNPATH_SEARCH_PATHS = (
					"$(inherited)",
					"@executable_path/Frameworks",
					"@loader_path/Frameworks",
				);
				PRODUCT_BUNDLE_IDENTIFIER = za.fresher.assignment.LiveStreamTests;
				PRODUCT_NAME = "$(TARGET_NAME)";
				SWIFT_VERSION = 5.0;
				TARGETED_DEVICE_FAMILY = "1,2";
				TEST_HOST = "$(BUILT_PRODUCTS_DIR)/LiveStream.app/LiveStream";
			};
			name = Debug;
		};
		817119DF233C70A700595A7B /* Release */ = {
			isa = XCBuildConfiguration;
			buildSettings = {
				ALWAYS_EMBED_SWIFT_STANDARD_LIBRARIES = YES;
				BUNDLE_LOADER = "$(TEST_HOST)";
				CODE_SIGN_STYLE = Automatic;
				DEVELOPMENT_TEAM = SKQY859ZK7;
				INFOPLIST_FILE = LiveStreamTests/Info.plist;
				IPHONEOS_DEPLOYMENT_TARGET = 13.0;
				LD_RUNPATH_SEARCH_PATHS = (
					"$(inherited)",
					"@executable_path/Frameworks",
					"@loader_path/Frameworks",
				);
				PRODUCT_BUNDLE_IDENTIFIER = za.fresher.assignment.LiveStreamTests;
				PRODUCT_NAME = "$(TARGET_NAME)";
				SWIFT_VERSION = 5.0;
				TARGETED_DEVICE_FAMILY = "1,2";
				TEST_HOST = "$(BUILT_PRODUCTS_DIR)/LiveStream.app/LiveStream";
			};
			name = Release;
		};
		817119E1233C70A700595A7B /* Debug */ = {
			isa = XCBuildConfiguration;
			buildSettings = {
				ALWAYS_EMBED_SWIFT_STANDARD_LIBRARIES = YES;
				CODE_SIGN_STYLE = Automatic;
				DEVELOPMENT_TEAM = SKQY859ZK7;
				INFOPLIST_FILE = LiveStreamUITests/Info.plist;
				LD_RUNPATH_SEARCH_PATHS = (
					"$(inherited)",
					"@executable_path/Frameworks",
					"@loader_path/Frameworks",
				);
				PRODUCT_BUNDLE_IDENTIFIER = za.fresher.assignment.LiveStreamUITests;
				PRODUCT_NAME = "$(TARGET_NAME)";
				SWIFT_VERSION = 5.0;
				TARGETED_DEVICE_FAMILY = "1,2";
				TEST_TARGET_NAME = LiveStream;
			};
			name = Debug;
		};
		817119E2233C70A700595A7B /* Release */ = {
			isa = XCBuildConfiguration;
			buildSettings = {
				ALWAYS_EMBED_SWIFT_STANDARD_LIBRARIES = YES;
				CODE_SIGN_STYLE = Automatic;
				DEVELOPMENT_TEAM = SKQY859ZK7;
				INFOPLIST_FILE = LiveStreamUITests/Info.plist;
				LD_RUNPATH_SEARCH_PATHS = (
					"$(inherited)",
					"@executable_path/Frameworks",
					"@loader_path/Frameworks",
				);
				PRODUCT_BUNDLE_IDENTIFIER = za.fresher.assignment.LiveStreamUITests;
				PRODUCT_NAME = "$(TARGET_NAME)";
				SWIFT_VERSION = 5.0;
				TARGETED_DEVICE_FAMILY = "1,2";
				TEST_TARGET_NAME = LiveStream;
			};
			name = Release;
		};
/* End XCBuildConfiguration section */

/* Begin XCConfigurationList section */
		817119AB233C70A400595A7B /* Build configuration list for PBXProject "LiveStream" */ = {
			isa = XCConfigurationList;
			buildConfigurations = (
				817119D8233C70A700595A7B /* Debug */,
				817119D9233C70A700595A7B /* Release */,
			);
			defaultConfigurationIsVisible = 0;
			defaultConfigurationName = Release;
		};
		817119DA233C70A700595A7B /* Build configuration list for PBXNativeTarget "LiveStream" */ = {
			isa = XCConfigurationList;
			buildConfigurations = (
				817119DB233C70A700595A7B /* Debug */,
				817119DC233C70A700595A7B /* Release */,
			);
			defaultConfigurationIsVisible = 0;
			defaultConfigurationName = Release;
		};
		817119DD233C70A700595A7B /* Build configuration list for PBXNativeTarget "LiveStreamTests" */ = {
			isa = XCConfigurationList;
			buildConfigurations = (
				817119DE233C70A700595A7B /* Debug */,
				817119DF233C70A700595A7B /* Release */,
			);
			defaultConfigurationIsVisible = 0;
			defaultConfigurationName = Release;
		};
		817119E0233C70A700595A7B /* Build configuration list for PBXNativeTarget "LiveStreamUITests" */ = {
			isa = XCConfigurationList;
			buildConfigurations = (
				817119E1233C70A700595A7B /* Debug */,
				817119E2233C70A700595A7B /* Release */,
			);
			defaultConfigurationIsVisible = 0;
			defaultConfigurationName = Release;
		};
/* End XCConfigurationList section */
	};
	rootObject = 817119A8233C70A400595A7B /* Project object */;
}
